// !$*UTF8*$!
{
	archiveVersion = 1;
	classes = {
	};
	objectVersion = 46;
	objects = {

/* Begin PBXBuildFile section */
		582D5CB11CBB4CB7004D8F78 /* AppDelegate.swift in Sources */ = {isa = PBXBuildFile; fileRef = 582D5CB01CBB4CB7004D8F78 /* AppDelegate.swift */; };
		582D5CB81CBB4CB7004D8F78 /* Assets.xcassets in Resources */ = {isa = PBXBuildFile; fileRef = 582D5CB71CBB4CB7004D8F78 /* Assets.xcassets */; };
		582D5CCF1CBB51F5004D8F78 /* ServiceClient.swift in Sources */ = {isa = PBXBuildFile; fileRef = 582D5CC51CBB51F5004D8F78 /* ServiceClient.swift */; };
		582D5CD01CBB51F5004D8F78 /* FreddyResponseSerializer.swift in Sources */ = {isa = PBXBuildFile; fileRef = 582D5CC71CBB51F5004D8F78 /* FreddyResponseSerializer.swift */; };
		582D5CD11CBB51F5004D8F78 /* ServiceEmptyResponse.swift in Sources */ = {isa = PBXBuildFile; fileRef = 582D5CC91CBB51F5004D8F78 /* ServiceEmptyResponse.swift */; };
		582D5CD21CBB51F5004D8F78 /* ServiceEndpoint.swift in Sources */ = {isa = PBXBuildFile; fileRef = 582D5CCA1CBB51F5004D8F78 /* ServiceEndpoint.swift */; };
		582D5CD31CBB51F5004D8F78 /* ServiceError.swift in Sources */ = {isa = PBXBuildFile; fileRef = 582D5CCB1CBB51F5004D8F78 /* ServiceError.swift */; };
		582D5CD41CBB51F5004D8F78 /* ServiceMethod.swift in Sources */ = {isa = PBXBuildFile; fileRef = 582D5CCC1CBB51F5004D8F78 /* ServiceMethod.swift */; };
		582D5CD51CBB51F5004D8F78 /* ServiceRequest.swift in Sources */ = {isa = PBXBuildFile; fileRef = 582D5CCD1CBB51F5004D8F78 /* ServiceRequest.swift */; };
		582D5CD61CBB51F5004D8F78 /* ServiceResult.swift in Sources */ = {isa = PBXBuildFile; fileRef = 582D5CCE1CBB51F5004D8F78 /* ServiceResult.swift */; };
		582D5CDC1CBB52EB004D8F78 /* SystemVersionFunctions.swift in Sources */ = {isa = PBXBuildFile; fileRef = 582D5CD91CBB52EB004D8F78 /* SystemVersionFunctions.swift */; };
		582D5CDD1CBB52EB004D8F78 /* DMVersion.swift in Sources */ = {isa = PBXBuildFile; fileRef = 582D5CDB1CBB52EB004D8F78 /* DMVersion.swift */; };
		582D5CE11CBB5412004D8F78 /* UIDevice+Utils.swift in Sources */ = {isa = PBXBuildFile; fileRef = 582D5CE01CBB5412004D8F78 /* UIDevice+Utils.swift */; };
		582D5CEA1CBB5574004D8F78 /* MultilineLabel.swift in Sources */ = {isa = PBXBuildFile; fileRef = 582D5CE61CBB5574004D8F78 /* MultilineLabel.swift */; };
		582D5CEB1CBB5574004D8F78 /* TableViewController.swift in Sources */ = {isa = PBXBuildFile; fileRef = 582D5CE81CBB5574004D8F78 /* TableViewController.swift */; };
		582D5CEC1CBB5574004D8F78 /* ViewController.swift in Sources */ = {isa = PBXBuildFile; fileRef = 582D5CE91CBB5574004D8F78 /* ViewController.swift */; };
		582D5CF01CBB569A004D8F78 /* LoadableFromNib.swift in Sources */ = {isa = PBXBuildFile; fileRef = 582D5CEE1CBB569A004D8F78 /* LoadableFromNib.swift */; };
		582D5CF11CBB569A004D8F78 /* Reusable.swift in Sources */ = {isa = PBXBuildFile; fileRef = 582D5CEF1CBB569A004D8F78 /* Reusable.swift */; };
		582D5CF51CBB56E2004D8F78 /* UITableView+Reusable.swift in Sources */ = {isa = PBXBuildFile; fileRef = 582D5CF21CBB56E2004D8F78 /* UITableView+Reusable.swift */; };
		582D5CF61CBB56E2004D8F78 /* UITableView+Utils.swift in Sources */ = {isa = PBXBuildFile; fileRef = 582D5CF31CBB56E2004D8F78 /* UITableView+Utils.swift */; };
		582D5CF71CBB56E2004D8F78 /* UITableViewCell+HeightCalculatable.swift in Sources */ = {isa = PBXBuildFile; fileRef = 582D5CF41CBB56E2004D8F78 /* UITableViewCell+HeightCalculatable.swift */; };
		582D5CF91CBB5799004D8F78 /* UIImage+Utils.swift in Sources */ = {isa = PBXBuildFile; fileRef = 582D5CF81CBB5799004D8F78 /* UIImage+Utils.swift */; };
		582D5CFB1CBB57D2004D8F78 /* UIColor+Utils.swift in Sources */ = {isa = PBXBuildFile; fileRef = 582D5CFA1CBB57D2004D8F78 /* UIColor+Utils.swift */; };
		582D5D001CBB5B7E004D8F78 /* AssignmentsTableViewController.swift in Sources */ = {isa = PBXBuildFile; fileRef = 582D5CFF1CBB5B7E004D8F78 /* AssignmentsTableViewController.swift */; };
		582D5D021CBB5B95004D8F78 /* AssignmentTableViewCell.swift in Sources */ = {isa = PBXBuildFile; fileRef = 582D5D011CBB5B95004D8F78 /* AssignmentTableViewCell.swift */; };
		582D5D041CBB5BB6004D8F78 /* Assignments.storyboard in Resources */ = {isa = PBXBuildFile; fileRef = 582D5D031CBB5BB6004D8F78 /* Assignments.storyboard */; };
		582D5D061CBB5BC9004D8F78 /* AssignmentTableViewCell.xib in Resources */ = {isa = PBXBuildFile; fileRef = 582D5D051CBB5BC9004D8F78 /* AssignmentTableViewCell.xib */; };
		582D5D091CBB5D25004D8F78 /* AppearanceManager.swift in Sources */ = {isa = PBXBuildFile; fileRef = 582D5D081CBB5D25004D8F78 /* AppearanceManager.swift */; };
		582D5D101CBB6AD6004D8F78 /* LaunchScreen.xib in Resources */ = {isa = PBXBuildFile; fileRef = 582D5D0F1CBB6AD6004D8F78 /* LaunchScreen.xib */; };
		582D5D131CBB6FD9004D8F78 /* Assignment.swift in Sources */ = {isa = PBXBuildFile; fileRef = 582D5D121CBB6FD9004D8F78 /* Assignment.swift */; };
		582D5D151CBB70C8004D8F78 /* TextAction.swift in Sources */ = {isa = PBXBuildFile; fileRef = 582D5D141CBB70C8004D8F78 /* TextAction.swift */; };
		58ABC04F1CBC9002009223F4 /* AssignmentsBusinessService.swift in Sources */ = {isa = PBXBuildFile; fileRef = 58ABC04E1CBC9002009223F4 /* AssignmentsBusinessService.swift */; };
		58ABC0541CBCAFF8009223F4 /* PerformAssignmentTableViewController.swift in Sources */ = {isa = PBXBuildFile; fileRef = 58ABC0531CBCAFF8009223F4 /* PerformAssignmentTableViewController.swift */; };
		58ABC0561CBCB080009223F4 /* PerformAssignmentInfoTableViewCell.swift in Sources */ = {isa = PBXBuildFile; fileRef = 58ABC0551CBCB080009223F4 /* PerformAssignmentInfoTableViewCell.swift */; };
		58ABC0581CBCB090009223F4 /* PerformAssignmentInfoTableViewCell.xib in Resources */ = {isa = PBXBuildFile; fileRef = 58ABC0571CBCB090009223F4 /* PerformAssignmentInfoTableViewCell.xib */; };
		58ABC05A1CBCB458009223F4 /* PerformAssignmentSelectContactTableViewCell.swift in Sources */ = {isa = PBXBuildFile; fileRef = 58ABC0591CBCB458009223F4 /* PerformAssignmentSelectContactTableViewCell.swift */; };
		58ABC05C1CBCB469009223F4 /* PerformAssignmentSelectContactTableViewCell.xib in Resources */ = {isa = PBXBuildFile; fileRef = 58ABC05B1CBCB469009223F4 /* PerformAssignmentSelectContactTableViewCell.xib */; };
		58ABD80E1CBDB32F00306CC7 /* Contact.swift in Sources */ = {isa = PBXBuildFile; fileRef = 58ABD80D1CBDB32F00306CC7 /* Contact.swift */; };
		58ABD8101CBDBF7700306CC7 /* PerformAssignmentTextContactTableViewCell.swift in Sources */ = {isa = PBXBuildFile; fileRef = 58ABD80F1CBDBF7700306CC7 /* PerformAssignmentTextContactTableViewCell.swift */; };
		58ABD8121CBDC07C00306CC7 /* PerformAssignmentTextContactTableViewCell.xib in Resources */ = {isa = PBXBuildFile; fileRef = 58ABD8111CBDC07C00306CC7 /* PerformAssignmentTextContactTableViewCell.xib */; };
		58ABD8141CBDE30E00306CC7 /* TextActionPickerTableViewController.swift in Sources */ = {isa = PBXBuildFile; fileRef = 58ABD8131CBDE30E00306CC7 /* TextActionPickerTableViewController.swift */; };
		58ABD8161CBE0C9500306CC7 /* NavigationController.swift in Sources */ = {isa = PBXBuildFile; fileRef = 58ABD8151CBE0C9500306CC7 /* NavigationController.swift */; };
		58ABD81A1CBE0E4C00306CC7 /* UIView+AppearanceSwift.m in Sources */ = {isa = PBXBuildFile; fileRef = 58ABD8191CBE0E4C00306CC7 /* UIView+AppearanceSwift.m */; };
		58EF52561CC5C42A0041E6C0 /* AlertOverlayView.swift in Sources */ = {isa = PBXBuildFile; fileRef = 58EF52551CC5C42A0041E6C0 /* AlertOverlayView.swift */; };
		58EF52581CC5C4350041E6C0 /* AlertOverlayView.xib in Resources */ = {isa = PBXBuildFile; fileRef = 58EF52571CC5C4350041E6C0 /* AlertOverlayView.xib */; };
		58EF525A1CC5C6C70041E6C0 /* UIViewController+AlertOverlay.swift in Sources */ = {isa = PBXBuildFile; fileRef = 58EF52591CC5C6C70041E6C0 /* UIViewController+AlertOverlay.swift */; };
		58EF525D1CC5D6980041E6C0 /* UserDefaults.swift in Sources */ = {isa = PBXBuildFile; fileRef = 58EF525C1CC5D6980041E6C0 /* UserDefaults.swift */; };
		58EF525F1CC5D8C80041E6C0 /* AssignmentRecord.swift in Sources */ = {isa = PBXBuildFile; fileRef = 58EF525E1CC5D8C80041E6C0 /* AssignmentRecord.swift */; };
		58EF52661CC5E8A40041E6C0 /* AssignmentsHistoryViewController.swift in Sources */ = {isa = PBXBuildFile; fileRef = 58EF52651CC5E8A40041E6C0 /* AssignmentsHistoryViewController.swift */; };
		58F26F6F1CBF3CD700552945 /* LeftBarButtonItemConfigurable.swift in Sources */ = {isa = PBXBuildFile; fileRef = 58F26F6E1CBF3CD700552945 /* LeftBarButtonItemConfigurable.swift */; };
		58F26F711CBF3D1200552945 /* NavigationItemTitleProviding.swift in Sources */ = {isa = PBXBuildFile; fileRef = 58F26F701CBF3D1200552945 /* NavigationItemTitleProviding.swift */; };
		58F26F731CBF3D6800552945 /* RightBarButtonItemConfigurable.swift in Sources */ = {isa = PBXBuildFile; fileRef = 58F26F721CBF3D6800552945 /* RightBarButtonItemConfigurable.swift */; };
		58F26F751CBF3E1500552945 /* ViewControllerType.swift in Sources */ = {isa = PBXBuildFile; fileRef = 58F26F741CBF3E1500552945 /* ViewControllerType.swift */; };
		58F26F7A1CC0A2C500552945 /* TableViewCell.swift in Sources */ = {isa = PBXBuildFile; fileRef = 58F26F791CC0A2C500552945 /* TableViewCell.swift */; };
		58F26F7C1CC0A5BA00552945 /* PerformAssignmentCallContactTableViewCell.swift in Sources */ = {isa = PBXBuildFile; fileRef = 58F26F7B1CC0A5BA00552945 /* PerformAssignmentCallContactTableViewCell.swift */; };
		58F26F7E1CC0A5DD00552945 /* PerformAssignmentCallContactTableViewCell.xib in Resources */ = {isa = PBXBuildFile; fileRef = 58F26F7D1CC0A5DD00552945 /* PerformAssignmentCallContactTableViewCell.xib */; };
		9017C18C0156D6C83AA20C7A /* Pods_ContactTexter.framework in Frameworks */ = {isa = PBXBuildFile; fileRef = 3C6499C999D7EE576274DB9D /* Pods_ContactTexter.framework */; };
/* End PBXBuildFile section */

/* Begin PBXFileReference section */
		18156209D77CADD8CA6049E7 /* Pods-ContactTexter.debug.xcconfig */ = {isa = PBXFileReference; includeInIndex = 1; lastKnownFileType = text.xcconfig; name = "Pods-ContactTexter.debug.xcconfig"; path = "Pods/Target Support Files/Pods-ContactTexter/Pods-ContactTexter.debug.xcconfig"; sourceTree = "<group>"; };
		368FC17A162D848EDE8DF038 /* Pods-ContactTexter.release.xcconfig */ = {isa = PBXFileReference; includeInIndex = 1; lastKnownFileType = text.xcconfig; name = "Pods-ContactTexter.release.xcconfig"; path = "Pods/Target Support Files/Pods-ContactTexter/Pods-ContactTexter.release.xcconfig"; sourceTree = "<group>"; };
		3C6499C999D7EE576274DB9D /* Pods_ContactTexter.framework */ = {isa = PBXFileReference; explicitFileType = wrapper.framework; includeInIndex = 0; path = Pods_ContactTexter.framework; sourceTree = BUILT_PRODUCTS_DIR; };
		582D5CAD1CBB4CB7004D8F78 /* ContactTexter.app */ = {isa = PBXFileReference; explicitFileType = wrapper.application; includeInIndex = 0; path = ContactTexter.app; sourceTree = BUILT_PRODUCTS_DIR; };
		582D5CB01CBB4CB7004D8F78 /* AppDelegate.swift */ = {isa = PBXFileReference; lastKnownFileType = sourcecode.swift; path = AppDelegate.swift; sourceTree = "<group>"; };
		582D5CB71CBB4CB7004D8F78 /* Assets.xcassets */ = {isa = PBXFileReference; lastKnownFileType = folder.assetcatalog; path = Assets.xcassets; sourceTree = "<group>"; };
		582D5CBC1CBB4CB8004D8F78 /* Info.plist */ = {isa = PBXFileReference; lastKnownFileType = text.plist.xml; path = Info.plist; sourceTree = "<group>"; };
		582D5CC51CBB51F5004D8F78 /* ServiceClient.swift */ = {isa = PBXFileReference; fileEncoding = 4; lastKnownFileType = sourcecode.swift; path = ServiceClient.swift; sourceTree = "<group>"; };
		582D5CC71CBB51F5004D8F78 /* FreddyResponseSerializer.swift */ = {isa = PBXFileReference; fileEncoding = 4; lastKnownFileType = sourcecode.swift; path = FreddyResponseSerializer.swift; sourceTree = "<group>"; };
		582D5CC91CBB51F5004D8F78 /* ServiceEmptyResponse.swift */ = {isa = PBXFileReference; fileEncoding = 4; lastKnownFileType = sourcecode.swift; path = ServiceEmptyResponse.swift; sourceTree = "<group>"; };
		582D5CCA1CBB51F5004D8F78 /* ServiceEndpoint.swift */ = {isa = PBXFileReference; fileEncoding = 4; lastKnownFileType = sourcecode.swift; path = ServiceEndpoint.swift; sourceTree = "<group>"; };
		582D5CCB1CBB51F5004D8F78 /* ServiceError.swift */ = {isa = PBXFileReference; fileEncoding = 4; lastKnownFileType = sourcecode.swift; path = ServiceError.swift; sourceTree = "<group>"; };
		582D5CCC1CBB51F5004D8F78 /* ServiceMethod.swift */ = {isa = PBXFileReference; fileEncoding = 4; lastKnownFileType = sourcecode.swift; path = ServiceMethod.swift; sourceTree = "<group>"; };
		582D5CCD1CBB51F5004D8F78 /* ServiceRequest.swift */ = {isa = PBXFileReference; fileEncoding = 4; lastKnownFileType = sourcecode.swift; path = ServiceRequest.swift; sourceTree = "<group>"; };
		582D5CCE1CBB51F5004D8F78 /* ServiceResult.swift */ = {isa = PBXFileReference; fileEncoding = 4; lastKnownFileType = sourcecode.swift; path = ServiceResult.swift; sourceTree = "<group>"; };
		582D5CD91CBB52EB004D8F78 /* SystemVersionFunctions.swift */ = {isa = PBXFileReference; fileEncoding = 4; lastKnownFileType = sourcecode.swift; path = SystemVersionFunctions.swift; sourceTree = "<group>"; };
		582D5CDB1CBB52EB004D8F78 /* DMVersion.swift */ = {isa = PBXFileReference; fileEncoding = 4; lastKnownFileType = sourcecode.swift; path = DMVersion.swift; sourceTree = "<group>"; };
		582D5CE01CBB5412004D8F78 /* UIDevice+Utils.swift */ = {isa = PBXFileReference; fileEncoding = 4; lastKnownFileType = sourcecode.swift; path = "UIDevice+Utils.swift"; sourceTree = "<group>"; };
		582D5CE61CBB5574004D8F78 /* MultilineLabel.swift */ = {isa = PBXFileReference; fileEncoding = 4; lastKnownFileType = sourcecode.swift; path = MultilineLabel.swift; sourceTree = "<group>"; };
		582D5CE81CBB5574004D8F78 /* TableViewController.swift */ = {isa = PBXFileReference; fileEncoding = 4; lastKnownFileType = sourcecode.swift; path = TableViewController.swift; sourceTree = "<group>"; };
		582D5CE91CBB5574004D8F78 /* ViewController.swift */ = {isa = PBXFileReference; fileEncoding = 4; lastKnownFileType = sourcecode.swift; path = ViewController.swift; sourceTree = "<group>"; };
		582D5CEE1CBB569A004D8F78 /* LoadableFromNib.swift */ = {isa = PBXFileReference; fileEncoding = 4; lastKnownFileType = sourcecode.swift; path = LoadableFromNib.swift; sourceTree = "<group>"; };
		582D5CEF1CBB569A004D8F78 /* Reusable.swift */ = {isa = PBXFileReference; fileEncoding = 4; lastKnownFileType = sourcecode.swift; path = Reusable.swift; sourceTree = "<group>"; };
		582D5CF21CBB56E2004D8F78 /* UITableView+Reusable.swift */ = {isa = PBXFileReference; fileEncoding = 4; lastKnownFileType = sourcecode.swift; path = "UITableView+Reusable.swift"; sourceTree = "<group>"; };
		582D5CF31CBB56E2004D8F78 /* UITableView+Utils.swift */ = {isa = PBXFileReference; fileEncoding = 4; lastKnownFileType = sourcecode.swift; path = "UITableView+Utils.swift"; sourceTree = "<group>"; };
		582D5CF41CBB56E2004D8F78 /* UITableViewCell+HeightCalculatable.swift */ = {isa = PBXFileReference; fileEncoding = 4; lastKnownFileType = sourcecode.swift; path = "UITableViewCell+HeightCalculatable.swift"; sourceTree = "<group>"; };
		582D5CF81CBB5799004D8F78 /* UIImage+Utils.swift */ = {isa = PBXFileReference; fileEncoding = 4; lastKnownFileType = sourcecode.swift; path = "UIImage+Utils.swift"; sourceTree = "<group>"; };
		582D5CFA1CBB57D2004D8F78 /* UIColor+Utils.swift */ = {isa = PBXFileReference; fileEncoding = 4; lastKnownFileType = sourcecode.swift; path = "UIColor+Utils.swift"; sourceTree = "<group>"; };
		582D5CFF1CBB5B7E004D8F78 /* AssignmentsTableViewController.swift */ = {isa = PBXFileReference; fileEncoding = 4; lastKnownFileType = sourcecode.swift; path = AssignmentsTableViewController.swift; sourceTree = "<group>"; };
		582D5D011CBB5B95004D8F78 /* AssignmentTableViewCell.swift */ = {isa = PBXFileReference; fileEncoding = 4; lastKnownFileType = sourcecode.swift; path = AssignmentTableViewCell.swift; sourceTree = "<group>"; };
		582D5D031CBB5BB6004D8F78 /* Assignments.storyboard */ = {isa = PBXFileReference; fileEncoding = 4; lastKnownFileType = file.storyboard; path = Assignments.storyboard; sourceTree = "<group>"; };
		582D5D051CBB5BC9004D8F78 /* AssignmentTableViewCell.xib */ = {isa = PBXFileReference; fileEncoding = 4; lastKnownFileType = file.xib; path = AssignmentTableViewCell.xib; sourceTree = "<group>"; };
		582D5D081CBB5D25004D8F78 /* AppearanceManager.swift */ = {isa = PBXFileReference; fileEncoding = 4; lastKnownFileType = sourcecode.swift; path = AppearanceManager.swift; sourceTree = "<group>"; };
		582D5D0F1CBB6AD6004D8F78 /* LaunchScreen.xib */ = {isa = PBXFileReference; fileEncoding = 4; lastKnownFileType = file.xib; path = LaunchScreen.xib; sourceTree = "<group>"; };
		582D5D121CBB6FD9004D8F78 /* Assignment.swift */ = {isa = PBXFileReference; fileEncoding = 4; lastKnownFileType = sourcecode.swift; path = Assignment.swift; sourceTree = "<group>"; };
		582D5D141CBB70C8004D8F78 /* TextAction.swift */ = {isa = PBXFileReference; fileEncoding = 4; lastKnownFileType = sourcecode.swift; path = TextAction.swift; sourceTree = "<group>"; };
		58ABC04E1CBC9002009223F4 /* AssignmentsBusinessService.swift */ = {isa = PBXFileReference; fileEncoding = 4; lastKnownFileType = sourcecode.swift; path = AssignmentsBusinessService.swift; sourceTree = "<group>"; };
		58ABC0531CBCAFF8009223F4 /* PerformAssignmentTableViewController.swift */ = {isa = PBXFileReference; fileEncoding = 4; lastKnownFileType = sourcecode.swift; path = PerformAssignmentTableViewController.swift; sourceTree = "<group>"; };
		58ABC0551CBCB080009223F4 /* PerformAssignmentInfoTableViewCell.swift */ = {isa = PBXFileReference; fileEncoding = 4; lastKnownFileType = sourcecode.swift; path = PerformAssignmentInfoTableViewCell.swift; sourceTree = "<group>"; };
		58ABC0571CBCB090009223F4 /* PerformAssignmentInfoTableViewCell.xib */ = {isa = PBXFileReference; fileEncoding = 4; lastKnownFileType = file.xib; path = PerformAssignmentInfoTableViewCell.xib; sourceTree = "<group>"; };
		58ABC0591CBCB458009223F4 /* PerformAssignmentSelectContactTableViewCell.swift */ = {isa = PBXFileReference; fileEncoding = 4; lastKnownFileType = sourcecode.swift; path = PerformAssignmentSelectContactTableViewCell.swift; sourceTree = "<group>"; };
		58ABC05B1CBCB469009223F4 /* PerformAssignmentSelectContactTableViewCell.xib */ = {isa = PBXFileReference; fileEncoding = 4; lastKnownFileType = file.xib; path = PerformAssignmentSelectContactTableViewCell.xib; sourceTree = "<group>"; };
		58ABD80D1CBDB32F00306CC7 /* Contact.swift */ = {isa = PBXFileReference; fileEncoding = 4; lastKnownFileType = sourcecode.swift; path = Contact.swift; sourceTree = "<group>"; };
		58ABD80F1CBDBF7700306CC7 /* PerformAssignmentTextContactTableViewCell.swift */ = {isa = PBXFileReference; fileEncoding = 4; lastKnownFileType = sourcecode.swift; path = PerformAssignmentTextContactTableViewCell.swift; sourceTree = "<group>"; };
		58ABD8111CBDC07C00306CC7 /* PerformAssignmentTextContactTableViewCell.xib */ = {isa = PBXFileReference; fileEncoding = 4; lastKnownFileType = file.xib; path = PerformAssignmentTextContactTableViewCell.xib; sourceTree = "<group>"; };
		58ABD8131CBDE30E00306CC7 /* TextActionPickerTableViewController.swift */ = {isa = PBXFileReference; fileEncoding = 4; lastKnownFileType = sourcecode.swift; path = TextActionPickerTableViewController.swift; sourceTree = "<group>"; };
		58ABD8151CBE0C9500306CC7 /* NavigationController.swift */ = {isa = PBXFileReference; fileEncoding = 4; lastKnownFileType = sourcecode.swift; path = NavigationController.swift; sourceTree = "<group>"; };
		58ABD8171CBE0E4B00306CC7 /* ContactTexter-Bridging-Header.h */ = {isa = PBXFileReference; lastKnownFileType = sourcecode.c.h; path = "ContactTexter-Bridging-Header.h"; sourceTree = "<group>"; };
		58ABD8181CBE0E4C00306CC7 /* UIView+AppearanceSwift.h */ = {isa = PBXFileReference; fileEncoding = 4; lastKnownFileType = sourcecode.c.h; path = "UIView+AppearanceSwift.h"; sourceTree = "<group>"; };
		58ABD8191CBE0E4C00306CC7 /* UIView+AppearanceSwift.m */ = {isa = PBXFileReference; fileEncoding = 4; lastKnownFileType = sourcecode.c.objc; path = "UIView+AppearanceSwift.m"; sourceTree = "<group>"; };
		58EF52551CC5C42A0041E6C0 /* AlertOverlayView.swift */ = {isa = PBXFileReference; fileEncoding = 4; lastKnownFileType = sourcecode.swift; path = AlertOverlayView.swift; sourceTree = "<group>"; };
		58EF52571CC5C4350041E6C0 /* AlertOverlayView.xib */ = {isa = PBXFileReference; fileEncoding = 4; lastKnownFileType = file.xib; path = AlertOverlayView.xib; sourceTree = "<group>"; };
		58EF52591CC5C6C70041E6C0 /* UIViewController+AlertOverlay.swift */ = {isa = PBXFileReference; fileEncoding = 4; lastKnownFileType = sourcecode.swift; path = "UIViewController+AlertOverlay.swift"; sourceTree = "<group>"; };
		58EF525C1CC5D6980041E6C0 /* UserDefaults.swift */ = {isa = PBXFileReference; fileEncoding = 4; lastKnownFileType = sourcecode.swift; path = UserDefaults.swift; sourceTree = "<group>"; };
		58EF525E1CC5D8C80041E6C0 /* AssignmentRecord.swift */ = {isa = PBXFileReference; fileEncoding = 4; lastKnownFileType = sourcecode.swift; path = AssignmentRecord.swift; sourceTree = "<group>"; };
		58EF52651CC5E8A40041E6C0 /* AssignmentsHistoryViewController.swift */ = {isa = PBXFileReference; fileEncoding = 4; lastKnownFileType = sourcecode.swift; path = AssignmentsHistoryViewController.swift; sourceTree = "<group>"; };
		58F26F6E1CBF3CD700552945 /* LeftBarButtonItemConfigurable.swift */ = {isa = PBXFileReference; fileEncoding = 4; lastKnownFileType = sourcecode.swift; path = LeftBarButtonItemConfigurable.swift; sourceTree = "<group>"; };
		58F26F701CBF3D1200552945 /* NavigationItemTitleProviding.swift */ = {isa = PBXFileReference; fileEncoding = 4; lastKnownFileType = sourcecode.swift; path = NavigationItemTitleProviding.swift; sourceTree = "<group>"; };
		58F26F721CBF3D6800552945 /* RightBarButtonItemConfigurable.swift */ = {isa = PBXFileReference; fileEncoding = 4; lastKnownFileType = sourcecode.swift; path = RightBarButtonItemConfigurable.swift; sourceTree = "<group>"; };
		58F26F741CBF3E1500552945 /* ViewControllerType.swift */ = {isa = PBXFileReference; fileEncoding = 4; lastKnownFileType = sourcecode.swift; path = ViewControllerType.swift; sourceTree = "<group>"; };
		58F26F791CC0A2C500552945 /* TableViewCell.swift */ = {isa = PBXFileReference; fileEncoding = 4; lastKnownFileType = sourcecode.swift; path = TableViewCell.swift; sourceTree = "<group>"; };
		58F26F7B1CC0A5BA00552945 /* PerformAssignmentCallContactTableViewCell.swift */ = {isa = PBXFileReference; fileEncoding = 4; lastKnownFileType = sourcecode.swift; path = PerformAssignmentCallContactTableViewCell.swift; sourceTree = "<group>"; };
		58F26F7D1CC0A5DD00552945 /* PerformAssignmentCallContactTableViewCell.xib */ = {isa = PBXFileReference; fileEncoding = 4; lastKnownFileType = file.xib; path = PerformAssignmentCallContactTableViewCell.xib; sourceTree = "<group>"; };
/* End PBXFileReference section */

/* Begin PBXFrameworksBuildPhase section */
		582D5CAA1CBB4CB7004D8F78 /* Frameworks */ = {
			isa = PBXFrameworksBuildPhase;
			buildActionMask = 2147483647;
			files = (
				9017C18C0156D6C83AA20C7A /* Pods_ContactTexter.framework in Frameworks */,
			);
			runOnlyForDeploymentPostprocessing = 0;
		};
/* End PBXFrameworksBuildPhase section */

/* Begin PBXGroup section */
		582D5CA41CBB4CB7004D8F78 = {
			isa = PBXGroup;
			children = (
				582D5CAF1CBB4CB7004D8F78 /* ContactTexter */,
				582D5CAE1CBB4CB7004D8F78 /* Products */,
				6FE66ECB1088B6EC4FDF6AF3 /* Pods */,
				8992AAAC4E55B0780353B20D /* Frameworks */,
			);
			sourceTree = "<group>";
		};
		582D5CAE1CBB4CB7004D8F78 /* Products */ = {
			isa = PBXGroup;
			children = (
				582D5CAD1CBB4CB7004D8F78 /* ContactTexter.app */,
			);
			name = Products;
			sourceTree = "<group>";
		};
		582D5CAF1CBB4CB7004D8F78 /* ContactTexter */ = {
			isa = PBXGroup;
			children = (
				582D5CFC1CBB5A3B004D8F78 /* Assignments */,
				58EF52621CC5E88A0041E6C0 /* AssignmentsHistory */,
				582D5CC21CBB51C1004D8F78 /* Common */,
				58ABC0501CBCAFD4009223F4 /* PerformAssignment */,
				582D5CB01CBB4CB7004D8F78 /* AppDelegate.swift */,
				58ABD8171CBE0E4B00306CC7 /* ContactTexter-Bridging-Header.h */,
				582D5CBC1CBB4CB8004D8F78 /* Info.plist */,
				582D5CB71CBB4CB7004D8F78 /* Assets.xcassets */,
				582D5D0F1CBB6AD6004D8F78 /* LaunchScreen.xib */,
			);
			path = ContactTexter;
			sourceTree = "<group>";
		};
		582D5CC21CBB51C1004D8F78 /* Common */ = {
			isa = PBXGroup;
			children = (
				582D5D111CBB6FCE004D8F78 /* Models */,
				582D5CC31CBB51F5004D8F78 /* ServiceLayer */,
				582D5CDE1CBB5412004D8F78 /* UI */,
				582D5CD71CBB52EB004D8F78 /* Utilities */,
			);
			path = Common;
			sourceTree = "<group>";
		};
		582D5CC31CBB51F5004D8F78 /* ServiceLayer */ = {
			isa = PBXGroup;
			children = (
				582D5CC41CBB51F5004D8F78 /* Client */,
				582D5CC61CBB51F5004D8F78 /* Mapping */,
				582D5CC81CBB51F5004D8F78 /* Models */,
			);
			path = ServiceLayer;
			sourceTree = "<group>";
		};
		582D5CC41CBB51F5004D8F78 /* Client */ = {
			isa = PBXGroup;
			children = (
				582D5CC51CBB51F5004D8F78 /* ServiceClient.swift */,
			);
			path = Client;
			sourceTree = "<group>";
		};
		582D5CC61CBB51F5004D8F78 /* Mapping */ = {
			isa = PBXGroup;
			children = (
				582D5CC71CBB51F5004D8F78 /* FreddyResponseSerializer.swift */,
			);
			path = Mapping;
			sourceTree = "<group>";
		};
		582D5CC81CBB51F5004D8F78 /* Models */ = {
			isa = PBXGroup;
			children = (
				582D5CC91CBB51F5004D8F78 /* ServiceEmptyResponse.swift */,
				582D5CCA1CBB51F5004D8F78 /* ServiceEndpoint.swift */,
				582D5CCB1CBB51F5004D8F78 /* ServiceError.swift */,
				582D5CCC1CBB51F5004D8F78 /* ServiceMethod.swift */,
				582D5CCD1CBB51F5004D8F78 /* ServiceRequest.swift */,
				582D5CCE1CBB51F5004D8F78 /* ServiceResult.swift */,
			);
			path = Models;
			sourceTree = "<group>";
		};
		582D5CD71CBB52EB004D8F78 /* Utilities */ = {
			isa = PBXGroup;
			children = (
				582D5CD81CBB52EB004D8F78 /* Functions */,
				58EF525B1CC5D6760041E6C0 /* Storage */,
				582D5CDA1CBB52EB004D8F78 /* Version */,
			);
			path = Utilities;
			sourceTree = "<group>";
		};
		582D5CD81CBB52EB004D8F78 /* Functions */ = {
			isa = PBXGroup;
			children = (
				582D5CD91CBB52EB004D8F78 /* SystemVersionFunctions.swift */,
			);
			path = Functions;
			sourceTree = "<group>";
		};
		582D5CDA1CBB52EB004D8F78 /* Version */ = {
			isa = PBXGroup;
			children = (
				582D5CDB1CBB52EB004D8F78 /* DMVersion.swift */,
			);
			path = Version;
			sourceTree = "<group>";
		};
		582D5CDE1CBB5412004D8F78 /* UI */ = {
			isa = PBXGroup;
			children = (
				58EF52531CC5C40D0041E6C0 /* AlertOverlay */,
				582D5D071CBB5D16004D8F78 /* Appearance */,
				582D5CDF1CBB5412004D8F78 /* Extensions */,
				582D5CE51CBB5574004D8F78 /* Labels */,
				58F26F6D1CBF3CB900552945 /* NavigationItems */,
				582D5CED1CBB569A004D8F78 /* Protocols */,
				58F26F781CC0A2BA00552945 /* TableViewCells */,
				582D5CE71CBB5574004D8F78 /* ViewControllers */,
			);
			path = UI;
			sourceTree = "<group>";
		};
		582D5CDF1CBB5412004D8F78 /* Extensions */ = {
			isa = PBXGroup;
			children = (
				582D5CFA1CBB57D2004D8F78 /* UIColor+Utils.swift */,
				582D5CE01CBB5412004D8F78 /* UIDevice+Utils.swift */,
				582D5CF81CBB5799004D8F78 /* UIImage+Utils.swift */,
				582D5CF21CBB56E2004D8F78 /* UITableView+Reusable.swift */,
				582D5CF31CBB56E2004D8F78 /* UITableView+Utils.swift */,
				582D5CF41CBB56E2004D8F78 /* UITableViewCell+HeightCalculatable.swift */,
			);
			path = Extensions;
			sourceTree = "<group>";
		};
		582D5CE51CBB5574004D8F78 /* Labels */ = {
			isa = PBXGroup;
			children = (
				582D5CE61CBB5574004D8F78 /* MultilineLabel.swift */,
			);
			path = Labels;
			sourceTree = "<group>";
		};
		582D5CE71CBB5574004D8F78 /* ViewControllers */ = {
			isa = PBXGroup;
			children = (
				58ABD8151CBE0C9500306CC7 /* NavigationController.swift */,
				582D5CE81CBB5574004D8F78 /* TableViewController.swift */,
				582D5CE91CBB5574004D8F78 /* ViewController.swift */,
				58F26F741CBF3E1500552945 /* ViewControllerType.swift */,
			);
			path = ViewControllers;
			sourceTree = "<group>";
		};
		582D5CED1CBB569A004D8F78 /* Protocols */ = {
			isa = PBXGroup;
			children = (
				582D5CEE1CBB569A004D8F78 /* LoadableFromNib.swift */,
				582D5CEF1CBB569A004D8F78 /* Reusable.swift */,
			);
			path = Protocols;
			sourceTree = "<group>";
		};
		582D5CFC1CBB5A3B004D8F78 /* Assignments */ = {
			isa = PBXGroup;
			children = (
				58ABC04D1CBC8FEF009223F4 /* BusinessLayer */,
				582D5CFD1CBB5A4C004D8F78 /* UI */,
				582D5CFE1CBB5A4C004D8F78 /* ViewControllers */,
			);
			path = Assignments;
			sourceTree = "<group>";
		};
		582D5CFD1CBB5A4C004D8F78 /* UI */ = {
			isa = PBXGroup;
			children = (
				582D5D031CBB5BB6004D8F78 /* Assignments.storyboard */,
				582D5D011CBB5B95004D8F78 /* AssignmentTableViewCell.swift */,
				582D5D051CBB5BC9004D8F78 /* AssignmentTableViewCell.xib */,
			);
			path = UI;
			sourceTree = "<group>";
		};
		582D5CFE1CBB5A4C004D8F78 /* ViewControllers */ = {
			isa = PBXGroup;
			children = (
				582D5CFF1CBB5B7E004D8F78 /* AssignmentsTableViewController.swift */,
			);
			path = ViewControllers;
			sourceTree = "<group>";
		};
		582D5D071CBB5D16004D8F78 /* Appearance */ = {
			isa = PBXGroup;
			children = (
				582D5D081CBB5D25004D8F78 /* AppearanceManager.swift */,
				58ABD8181CBE0E4C00306CC7 /* UIView+AppearanceSwift.h */,
				58ABD8191CBE0E4C00306CC7 /* UIView+AppearanceSwift.m */,
			);
			path = Appearance;
			sourceTree = "<group>";
		};
		582D5D111CBB6FCE004D8F78 /* Models */ = {
			isa = PBXGroup;
			children = (
				582D5D121CBB6FD9004D8F78 /* Assignment.swift */,
				58EF525E1CC5D8C80041E6C0 /* AssignmentRecord.swift */,
				58ABD80D1CBDB32F00306CC7 /* Contact.swift */,
				582D5D141CBB70C8004D8F78 /* TextAction.swift */,
			);
			path = Models;
			sourceTree = "<group>";
		};
		58ABC04D1CBC8FEF009223F4 /* BusinessLayer */ = {
			isa = PBXGroup;
			children = (
				58ABC04E1CBC9002009223F4 /* AssignmentsBusinessService.swift */,
			);
			path = BusinessLayer;
			sourceTree = "<group>";
		};
		58ABC0501CBCAFD4009223F4 /* PerformAssignment */ = {
			isa = PBXGroup;
			children = (
				58ABC0511CBCAFE5009223F4 /* UI */,
				58ABC0521CBCAFE5009223F4 /* ViewControllers */,
			);
			path = PerformAssignment;
			sourceTree = "<group>";
		};
		58ABC0511CBCAFE5009223F4 /* UI */ = {
			isa = PBXGroup;
			children = (
				58F26F7B1CC0A5BA00552945 /* PerformAssignmentCallContactTableViewCell.swift */,
				58F26F7D1CC0A5DD00552945 /* PerformAssignmentCallContactTableViewCell.xib */,
				58ABC0551CBCB080009223F4 /* PerformAssignmentInfoTableViewCell.swift */,
				58ABC0571CBCB090009223F4 /* PerformAssignmentInfoTableViewCell.xib */,
				58ABC0591CBCB458009223F4 /* PerformAssignmentSelectContactTableViewCell.swift */,
				58ABC05B1CBCB469009223F4 /* PerformAssignmentSelectContactTableViewCell.xib */,
				58ABD80F1CBDBF7700306CC7 /* PerformAssignmentTextContactTableViewCell.swift */,
				58ABD8111CBDC07C00306CC7 /* PerformAssignmentTextContactTableViewCell.xib */,
			);
			path = UI;
			sourceTree = "<group>";
		};
		58ABC0521CBCAFE5009223F4 /* ViewControllers */ = {
			isa = PBXGroup;
			children = (
				58ABC0531CBCAFF8009223F4 /* PerformAssignmentTableViewController.swift */,
				58ABD8131CBDE30E00306CC7 /* TextActionPickerTableViewController.swift */,
			);
			path = ViewControllers;
			sourceTree = "<group>";
		};
		58EF52531CC5C40D0041E6C0 /* AlertOverlay */ = {
			isa = PBXGroup;
			children = (
				58EF52551CC5C42A0041E6C0 /* AlertOverlayView.swift */,
				58EF52571CC5C4350041E6C0 /* AlertOverlayView.xib */,
				58EF52591CC5C6C70041E6C0 /* UIViewController+AlertOverlay.swift */,
			);
			path = AlertOverlay;
			sourceTree = "<group>";
		};
		58EF525B1CC5D6760041E6C0 /* Storage */ = {
			isa = PBXGroup;
			children = (
				58EF525C1CC5D6980041E6C0 /* UserDefaults.swift */,
			);
			name = Storage;
			path = ContactTexter/Common/Utilities/Storage;
			sourceTree = SOURCE_ROOT;
		};
		58EF52621CC5E88A0041E6C0 /* AssignmentsHistory */ = {
			isa = PBXGroup;
			children = (
				58EF52631CC5E88A0041E6C0 /* UI */,
				58EF52641CC5E88A0041E6C0 /* ViewControllers */,
			);
			path = AssignmentsHistory;
			sourceTree = "<group>";
		};
		58EF52631CC5E88A0041E6C0 /* UI */ = {
			isa = PBXGroup;
			children = (
			);
			path = UI;
			sourceTree = "<group>";
		};
		58EF52641CC5E88A0041E6C0 /* ViewControllers */ = {
			isa = PBXGroup;
			children = (
				58EF52651CC5E8A40041E6C0 /* AssignmentsHistoryViewController.swift */,
			);
			path = ViewControllers;
			sourceTree = "<group>";
		};
		58F26F6D1CBF3CB900552945 /* NavigationItems */ = {
			isa = PBXGroup;
			children = (
				58F26F6E1CBF3CD700552945 /* LeftBarButtonItemConfigurable.swift */,
				58F26F701CBF3D1200552945 /* NavigationItemTitleProviding.swift */,
				58F26F721CBF3D6800552945 /* RightBarButtonItemConfigurable.swift */,
			);
			path = NavigationItems;
			sourceTree = "<group>";
		};
		58F26F781CC0A2BA00552945 /* TableViewCells */ = {
			isa = PBXGroup;
			children = (
				58F26F791CC0A2C500552945 /* TableViewCell.swift */,
			);
			path = TableViewCells;
			sourceTree = "<group>";
		};
		6FE66ECB1088B6EC4FDF6AF3 /* Pods */ = {
			isa = PBXGroup;
			children = (
				18156209D77CADD8CA6049E7 /* Pods-ContactTexter.debug.xcconfig */,
				368FC17A162D848EDE8DF038 /* Pods-ContactTexter.release.xcconfig */,
			);
			name = Pods;
			sourceTree = "<group>";
		};
		8992AAAC4E55B0780353B20D /* Frameworks */ = {
			isa = PBXGroup;
			children = (
				3C6499C999D7EE576274DB9D /* Pods_ContactTexter.framework */,
			);
			name = Frameworks;
			sourceTree = "<group>";
		};
/* End PBXGroup section */

/* Begin PBXNativeTarget section */
		582D5CAC1CBB4CB7004D8F78 /* ContactTexter */ = {
			isa = PBXNativeTarget;
			buildConfigurationList = 582D5CBF1CBB4CB8004D8F78 /* Build configuration list for PBXNativeTarget "ContactTexter" */;
			buildPhases = (
				D88B0EA8A2A06787E501FB02 /* 📦 Check Pods Manifest.lock */,
				582D5CA91CBB4CB7004D8F78 /* Sources */,
				582D5CAA1CBB4CB7004D8F78 /* Frameworks */,
				582D5CAB1CBB4CB7004D8F78 /* Resources */,
				EC641B413CEB75F696060FF2 /* 📦 Embed Pods Frameworks */,
				B8B032F69E764556DFEA1BFD /* 📦 Copy Pods Resources */,
			);
			buildRules = (
			);
			dependencies = (
			);
			name = ContactTexter;
			productName = ContactTexter;
			productReference = 582D5CAD1CBB4CB7004D8F78 /* ContactTexter.app */;
			productType = "com.apple.product-type.application";
		};
/* End PBXNativeTarget section */

/* Begin PBXProject section */
		582D5CA51CBB4CB7004D8F78 /* Project object */ = {
			isa = PBXProject;
			attributes = {
				LastSwiftUpdateCheck = 0730;
				LastUpgradeCheck = 0730;
				ORGANIZATIONNAME = "Bernie Sanders 2016";
				TargetAttributes = {
					582D5CAC1CBB4CB7004D8F78 = {
						CreatedOnToolsVersion = 7.3;
						DevelopmentTeam = UL7BKBF4LM;
					};
				};
			};
			buildConfigurationList = 582D5CA81CBB4CB7004D8F78 /* Build configuration list for PBXProject "ContactTexter" */;
			compatibilityVersion = "Xcode 3.2";
			developmentRegion = English;
			hasScannedForEncodings = 0;
			knownRegions = (
				en,
				Base,
			);
			mainGroup = 582D5CA41CBB4CB7004D8F78;
			productRefGroup = 582D5CAE1CBB4CB7004D8F78 /* Products */;
			projectDirPath = "";
			projectRoot = "";
			targets = (
				582D5CAC1CBB4CB7004D8F78 /* ContactTexter */,
			);
		};
/* End PBXProject section */

/* Begin PBXResourcesBuildPhase section */
		582D5CAB1CBB4CB7004D8F78 /* Resources */ = {
			isa = PBXResourcesBuildPhase;
			buildActionMask = 2147483647;
			files = (
				582D5D101CBB6AD6004D8F78 /* LaunchScreen.xib in Resources */,
				58ABC05C1CBCB469009223F4 /* PerformAssignmentSelectContactTableViewCell.xib in Resources */,
				58ABC0581CBCB090009223F4 /* PerformAssignmentInfoTableViewCell.xib in Resources */,
				58EF52581CC5C4350041E6C0 /* AlertOverlayView.xib in Resources */,
				582D5D041CBB5BB6004D8F78 /* Assignments.storyboard in Resources */,
				582D5D061CBB5BC9004D8F78 /* AssignmentTableViewCell.xib in Resources */,
				58F26F7E1CC0A5DD00552945 /* PerformAssignmentCallContactTableViewCell.xib in Resources */,
				582D5CB81CBB4CB7004D8F78 /* Assets.xcassets in Resources */,
				58ABD8121CBDC07C00306CC7 /* PerformAssignmentTextContactTableViewCell.xib in Resources */,
			);
			runOnlyForDeploymentPostprocessing = 0;
		};
/* End PBXResourcesBuildPhase section */

/* Begin PBXShellScriptBuildPhase section */
		B8B032F69E764556DFEA1BFD /* 📦 Copy Pods Resources */ = {
			isa = PBXShellScriptBuildPhase;
			buildActionMask = 2147483647;
			files = (
			);
			inputPaths = (
			);
			name = "📦 Copy Pods Resources";
			outputPaths = (
			);
			runOnlyForDeploymentPostprocessing = 0;
			shellPath = /bin/sh;
			shellScript = "\"${SRCROOT}/Pods/Target Support Files/Pods-ContactTexter/Pods-ContactTexter-resources.sh\"\n";
			showEnvVarsInLog = 0;
		};
		D88B0EA8A2A06787E501FB02 /* 📦 Check Pods Manifest.lock */ = {
			isa = PBXShellScriptBuildPhase;
			buildActionMask = 2147483647;
			files = (
			);
			inputPaths = (
			);
			name = "📦 Check Pods Manifest.lock";
			outputPaths = (
			);
			runOnlyForDeploymentPostprocessing = 0;
			shellPath = /bin/sh;
			shellScript = "diff \"${PODS_ROOT}/../Podfile.lock\" \"${PODS_ROOT}/Manifest.lock\" > /dev/null\nif [[ $? != 0 ]] ; then\n    cat << EOM\nerror: The sandbox is not in sync with the Podfile.lock. Run 'pod install' or update your CocoaPods installation.\nEOM\n    exit 1\nfi\n";
			showEnvVarsInLog = 0;
		};
		EC641B413CEB75F696060FF2 /* 📦 Embed Pods Frameworks */ = {
			isa = PBXShellScriptBuildPhase;
			buildActionMask = 2147483647;
			files = (
			);
			inputPaths = (
			);
			name = "📦 Embed Pods Frameworks";
			outputPaths = (
			);
			runOnlyForDeploymentPostprocessing = 0;
			shellPath = /bin/sh;
			shellScript = "\"${SRCROOT}/Pods/Target Support Files/Pods-ContactTexter/Pods-ContactTexter-frameworks.sh\"\n";
			showEnvVarsInLog = 0;
		};
/* End PBXShellScriptBuildPhase section */

/* Begin PBXSourcesBuildPhase section */
		582D5CA91CBB4CB7004D8F78 /* Sources */ = {
			isa = PBXSourcesBuildPhase;
			buildActionMask = 2147483647;
			files = (
				582D5CF11CBB569A004D8F78 /* Reusable.swift in Sources */,
				582D5CD61CBB51F5004D8F78 /* ServiceResult.swift in Sources */,
				582D5CF01CBB569A004D8F78 /* LoadableFromNib.swift in Sources */,
				582D5CD41CBB51F5004D8F78 /* ServiceMethod.swift in Sources */,
				582D5CF51CBB56E2004D8F78 /* UITableView+Reusable.swift in Sources */,
				582D5CF71CBB56E2004D8F78 /* UITableViewCell+HeightCalculatable.swift in Sources */,
				582D5CDC1CBB52EB004D8F78 /* SystemVersionFunctions.swift in Sources */,
				582D5CD01CBB51F5004D8F78 /* FreddyResponseSerializer.swift in Sources */,
				58ABC04F1CBC9002009223F4 /* AssignmentsBusinessService.swift in Sources */,
				582D5CDD1CBB52EB004D8F78 /* DMVersion.swift in Sources */,
				58ABC0561CBCB080009223F4 /* PerformAssignmentInfoTableViewCell.swift in Sources */,
				582D5CE11CBB5412004D8F78 /* UIDevice+Utils.swift in Sources */,
				58ABD8161CBE0C9500306CC7 /* NavigationController.swift in Sources */,
				58F26F7A1CC0A2C500552945 /* TableViewCell.swift in Sources */,
				582D5D131CBB6FD9004D8F78 /* Assignment.swift in Sources */,
				582D5CCF1CBB51F5004D8F78 /* ServiceClient.swift in Sources */,
				582D5CF91CBB5799004D8F78 /* UIImage+Utils.swift in Sources */,
				58F26F711CBF3D1200552945 /* NavigationItemTitleProviding.swift in Sources */,
				58ABC05A1CBCB458009223F4 /* PerformAssignmentSelectContactTableViewCell.swift in Sources */,
				582D5D151CBB70C8004D8F78 /* TextAction.swift in Sources */,
				58EF52561CC5C42A0041E6C0 /* AlertOverlayView.swift in Sources */,
				582D5CEA1CBB5574004D8F78 /* MultilineLabel.swift in Sources */,
				58EF52661CC5E8A40041E6C0 /* AssignmentsHistoryViewController.swift in Sources */,
				58ABD8101CBDBF7700306CC7 /* PerformAssignmentTextContactTableViewCell.swift in Sources */,
				582D5D021CBB5B95004D8F78 /* AssignmentTableViewCell.swift in Sources */,
				582D5CB11CBB4CB7004D8F78 /* AppDelegate.swift in Sources */,
				58ABD80E1CBDB32F00306CC7 /* Contact.swift in Sources */,
				582D5CD51CBB51F5004D8F78 /* ServiceRequest.swift in Sources */,
				582D5CD21CBB51F5004D8F78 /* ServiceEndpoint.swift in Sources */,
				582D5D001CBB5B7E004D8F78 /* AssignmentsTableViewController.swift in Sources */,
				58F26F731CBF3D6800552945 /* RightBarButtonItemConfigurable.swift in Sources */,
				582D5CD31CBB51F5004D8F78 /* ServiceError.swift in Sources */,
				582D5CFB1CBB57D2004D8F78 /* UIColor+Utils.swift in Sources */,
				58EF525A1CC5C6C70041E6C0 /* UIViewController+AlertOverlay.swift in Sources */,
				582D5CEB1CBB5574004D8F78 /* TableViewController.swift in Sources */,
				582D5CF61CBB56E2004D8F78 /* UITableView+Utils.swift in Sources */,
				582D5CEC1CBB5574004D8F78 /* ViewController.swift in Sources */,
				58F26F6F1CBF3CD700552945 /* LeftBarButtonItemConfigurable.swift in Sources */,
				58ABD81A1CBE0E4C00306CC7 /* UIView+AppearanceSwift.m in Sources */,
				58ABC0541CBCAFF8009223F4 /* PerformAssignmentTableViewController.swift in Sources */,
				58F26F7C1CC0A5BA00552945 /* PerformAssignmentCallContactTableViewCell.swift in Sources */,
				58F26F751CBF3E1500552945 /* ViewControllerType.swift in Sources */,
				58EF525D1CC5D6980041E6C0 /* UserDefaults.swift in Sources */,
				582D5CD11CBB51F5004D8F78 /* ServiceEmptyResponse.swift in Sources */,
				582D5D091CBB5D25004D8F78 /* AppearanceManager.swift in Sources */,
				58ABD8141CBDE30E00306CC7 /* TextActionPickerTableViewController.swift in Sources */,
				58EF525F1CC5D8C80041E6C0 /* AssignmentRecord.swift in Sources */,
			);
			runOnlyForDeploymentPostprocessing = 0;
		};
/* End PBXSourcesBuildPhase section */

/* Begin XCBuildConfiguration section */
		582D5CBD1CBB4CB8004D8F78 /* Debug */ = {
			isa = XCBuildConfiguration;
			buildSettings = {
				ALWAYS_SEARCH_USER_PATHS = NO;
				CLANG_ANALYZER_NONNULL = YES;
				CLANG_CXX_LANGUAGE_STANDARD = "gnu++0x";
				CLANG_CXX_LIBRARY = "libc++";
				CLANG_ENABLE_MODULES = YES;
				CLANG_ENABLE_OBJC_ARC = YES;
				CLANG_WARN_BOOL_CONVERSION = YES;
				CLANG_WARN_CONSTANT_CONVERSION = YES;
				CLANG_WARN_DIRECT_OBJC_ISA_USAGE = YES_ERROR;
				CLANG_WARN_EMPTY_BODY = YES;
				CLANG_WARN_ENUM_CONVERSION = YES;
				CLANG_WARN_INT_CONVERSION = YES;
				CLANG_WARN_OBJC_ROOT_CLASS = YES_ERROR;
				CLANG_WARN_UNREACHABLE_CODE = YES;
				CLANG_WARN__DUPLICATE_METHOD_MATCH = YES;
				"CODE_SIGN_IDENTITY[sdk=iphoneos*]" = "iPhone Developer";
				COPY_PHASE_STRIP = NO;
				DEBUG_INFORMATION_FORMAT = dwarf;
				ENABLE_STRICT_OBJC_MSGSEND = YES;
				ENABLE_TESTABILITY = YES;
				GCC_C_LANGUAGE_STANDARD = gnu99;
				GCC_DYNAMIC_NO_PIC = NO;
				GCC_NO_COMMON_BLOCKS = YES;
				GCC_OPTIMIZATION_LEVEL = 0;
				GCC_PREPROCESSOR_DEFINITIONS = (
					"DEBUG=1",
					"$(inherited)",
				);
				GCC_WARN_64_TO_32_BIT_CONVERSION = YES;
				GCC_WARN_ABOUT_RETURN_TYPE = YES_ERROR;
				GCC_WARN_UNDECLARED_SELECTOR = YES;
				GCC_WARN_UNINITIALIZED_AUTOS = YES_AGGRESSIVE;
				GCC_WARN_UNUSED_FUNCTION = YES;
				GCC_WARN_UNUSED_VARIABLE = YES;
				IPHONEOS_DEPLOYMENT_TARGET = 8.0;
				MTL_ENABLE_DEBUG_INFO = YES;
				ONLY_ACTIVE_ARCH = YES;
				SDKROOT = iphoneos;
				SWIFT_OPTIMIZATION_LEVEL = "-Onone";
				TARGETED_DEVICE_FAMILY = "1,2";
			};
			name = Debug;
		};
		582D5CBE1CBB4CB8004D8F78 /* Release */ = {
			isa = XCBuildConfiguration;
			buildSettings = {
				ALWAYS_SEARCH_USER_PATHS = NO;
				CLANG_ANALYZER_NONNULL = YES;
				CLANG_CXX_LANGUAGE_STANDARD = "gnu++0x";
				CLANG_CXX_LIBRARY = "libc++";
				CLANG_ENABLE_MODULES = YES;
				CLANG_ENABLE_OBJC_ARC = YES;
				CLANG_WARN_BOOL_CONVERSION = YES;
				CLANG_WARN_CONSTANT_CONVERSION = YES;
				CLANG_WARN_DIRECT_OBJC_ISA_USAGE = YES_ERROR;
				CLANG_WARN_EMPTY_BODY = YES;
				CLANG_WARN_ENUM_CONVERSION = YES;
				CLANG_WARN_INT_CONVERSION = YES;
				CLANG_WARN_OBJC_ROOT_CLASS = YES_ERROR;
				CLANG_WARN_UNREACHABLE_CODE = YES;
				CLANG_WARN__DUPLICATE_METHOD_MATCH = YES;
				"CODE_SIGN_IDENTITY[sdk=iphoneos*]" = "iPhone Developer";
				COPY_PHASE_STRIP = NO;
				DEBUG_INFORMATION_FORMAT = "dwarf-with-dsym";
				ENABLE_NS_ASSERTIONS = NO;
				ENABLE_STRICT_OBJC_MSGSEND = YES;
				GCC_C_LANGUAGE_STANDARD = gnu99;
				GCC_NO_COMMON_BLOCKS = YES;
				GCC_WARN_64_TO_32_BIT_CONVERSION = YES;
				GCC_WARN_ABOUT_RETURN_TYPE = YES_ERROR;
				GCC_WARN_UNDECLARED_SELECTOR = YES;
				GCC_WARN_UNINITIALIZED_AUTOS = YES_AGGRESSIVE;
				GCC_WARN_UNUSED_FUNCTION = YES;
				GCC_WARN_UNUSED_VARIABLE = YES;
				IPHONEOS_DEPLOYMENT_TARGET = 8.0;
				MTL_ENABLE_DEBUG_INFO = NO;
				SDKROOT = iphoneos;
				TARGETED_DEVICE_FAMILY = "1,2";
				VALIDATE_PRODUCT = YES;
			};
			name = Release;
		};
		582D5CC01CBB4CB8004D8F78 /* Debug */ = {
			isa = XCBuildConfiguration;
			baseConfigurationReference = 18156209D77CADD8CA6049E7 /* Pods-ContactTexter.debug.xcconfig */;
			buildSettings = {
				ASSETCATALOG_COMPILER_APPICON_NAME = AppIcon;
				CLANG_ENABLE_MODULES = YES;
				CODE_SIGN_IDENTITY = "iPhone Developer";
				"CODE_SIGN_IDENTITY[sdk=iphoneos*]" = "iPhone Developer";
				INFOPLIST_FILE = ContactTexter/Info.plist;
				LD_RUNPATH_SEARCH_PATHS = "$(inherited) @executable_path/Frameworks";
				PRODUCT_BUNDLE_IDENTIFIER = com.berniesanders.ContactTexter;
				PRODUCT_NAME = "$(TARGET_NAME)";
				PROVISIONING_PROFILE = "";
				SWIFT_OBJC_BRIDGING_HEADER = "ContactTexter/ContactTexter-Bridging-Header.h";
				SWIFT_OPTIMIZATION_LEVEL = "-Onone";
				TARGETED_DEVICE_FAMILY = "1,2";
			};
			name = Debug;
		};
		582D5CC11CBB4CB8004D8F78 /* Release */ = {
			isa = XCBuildConfiguration;
			baseConfigurationReference = 368FC17A162D848EDE8DF038 /* Pods-ContactTexter.release.xcconfig */;
			buildSettings = {
				ASSETCATALOG_COMPILER_APPICON_NAME = AppIcon;
				CLANG_ENABLE_MODULES = YES;
				CODE_SIGN_IDENTITY = "iPhone Developer";
				"CODE_SIGN_IDENTITY[sdk=iphoneos*]" = "iPhone Developer";
				INFOPLIST_FILE = ContactTexter/Info.plist;
				LD_RUNPATH_SEARCH_PATHS = "$(inherited) @executable_path/Frameworks";
				PRODUCT_BUNDLE_IDENTIFIER = com.berniesanders.ContactTexter;
				PRODUCT_NAME = "$(TARGET_NAME)";
				PROVISIONING_PROFILE = "";
				SWIFT_OBJC_BRIDGING_HEADER = "ContactTexter/ContactTexter-Bridging-Header.h";
				TARGETED_DEVICE_FAMILY = "1,2";
			};
			name = Release;
		};
/* End XCBuildConfiguration section */

/* Begin XCConfigurationList section */
		582D5CA81CBB4CB7004D8F78 /* Build configuration list for PBXProject "ContactTexter" */ = {
			isa = XCConfigurationList;
			buildConfigurations = (
				582D5CBD1CBB4CB8004D8F78 /* Debug */,
				582D5CBE1CBB4CB8004D8F78 /* Release */,
			);
			defaultConfigurationIsVisible = 0;
			defaultConfigurationName = Release;
		};
		582D5CBF1CBB4CB8004D8F78 /* Build configuration list for PBXNativeTarget "ContactTexter" */ = {
			isa = XCConfigurationList;
			buildConfigurations = (
				582D5CC01CBB4CB8004D8F78 /* Debug */,
				582D5CC11CBB4CB8004D8F78 /* Release */,
			);
			defaultConfigurationIsVisible = 0;
			defaultConfigurationName = Release;
		};
/* End XCConfigurationList section */
	};
	rootObject = 582D5CA51CBB4CB7004D8F78 /* Project object */;
}
