// !$*UTF8*$!
{
	archiveVersion = 1;
	classes = {
	};
	objectVersion = 46;
	objects = {

/* Begin PBXBuildFile section */
		582D5CB11CBB4CB7004D8F78 /* AppDelegate.swift in Sources */ = {isa = PBXBuildFile; fileRef = 582D5CB01CBB4CB7004D8F78 /* AppDelegate.swift */; };
		582D5CB81CBB4CB7004D8F78 /* Assets.xcassets in Resources */ = {isa = PBXBuildFile; fileRef = 582D5CB71CBB4CB7004D8F78 /* Assets.xcassets */; };
		582D5CCF1CBB51F5004D8F78 /* ServiceClient.swift in Sources */ = {isa = PBXBuildFile; fileRef = 582D5CC51CBB51F5004D8F78 /* ServiceClient.swift */; };
		582D5CD01CBB51F5004D8F78 /* FreddyResponseSerializer.swift in Sources */ = {isa = PBXBuildFile; fileRef = 582D5CC71CBB51F5004D8F78 /* FreddyResponseSerializer.swift */; };
		582D5CD11CBB51F5004D8F78 /* ServiceEmptyResponse.swift in Sources */ = {isa = PBXBuildFile; fileRef = 582D5CC91CBB51F5004D8F78 /* ServiceEmptyResponse.swift */; };
		582D5CD21CBB51F5004D8F78 /* ServiceEndpoint.swift in Sources */ = {isa = PBXBuildFile; fileRef = 582D5CCA1CBB51F5004D8F78 /* ServiceEndpoint.swift */; };
		582D5CD31CBB51F5004D8F78 /* ServiceError.swift in Sources */ = {isa = PBXBuildFile; fileRef = 582D5CCB1CBB51F5004D8F78 /* ServiceError.swift */; };
		582D5CD41CBB51F5004D8F78 /* ServiceMethod.swift in Sources */ = {isa = PBXBuildFile; fileRef = 582D5CCC1CBB51F5004D8F78 /* ServiceMethod.swift */; };
		582D5CD51CBB51F5004D8F78 /* ServiceRequest.swift in Sources */ = {isa = PBXBuildFile; fileRef = 582D5CCD1CBB51F5004D8F78 /* ServiceRequest.swift */; };
		582D5CD61CBB51F5004D8F78 /* ServiceResult.swift in Sources */ = {isa = PBXBuildFile; fileRef = 582D5CCE1CBB51F5004D8F78 /* ServiceResult.swift */; };
		582D5CDC1CBB52EB004D8F78 /* SystemVersionFunctions.swift in Sources */ = {isa = PBXBuildFile; fileRef = 582D5CD91CBB52EB004D8F78 /* SystemVersionFunctions.swift */; };
		582D5CDD1CBB52EB004D8F78 /* DMVersion.swift in Sources */ = {isa = PBXBuildFile; fileRef = 582D5CDB1CBB52EB004D8F78 /* DMVersion.swift */; };
		582D5CE11CBB5412004D8F78 /* UIDevice+Utils.swift in Sources */ = {isa = PBXBuildFile; fileRef = 582D5CE01CBB5412004D8F78 /* UIDevice+Utils.swift */; };
		582D5CEA1CBB5574004D8F78 /* MultilineLabel.swift in Sources */ = {isa = PBXBuildFile; fileRef = 582D5CE61CBB5574004D8F78 /* MultilineLabel.swift */; };
		582D5CEB1CBB5574004D8F78 /* TableViewController.swift in Sources */ = {isa = PBXBuildFile; fileRef = 582D5CE81CBB5574004D8F78 /* TableViewController.swift */; };
		582D5CEC1CBB5574004D8F78 /* ViewController.swift in Sources */ = {isa = PBXBuildFile; fileRef = 582D5CE91CBB5574004D8F78 /* ViewController.swift */; };
		582D5CF01CBB569A004D8F78 /* LoadableFromNib.swift in Sources */ = {isa = PBXBuildFile; fileRef = 582D5CEE1CBB569A004D8F78 /* LoadableFromNib.swift */; };
		582D5CF11CBB569A004D8F78 /* Reusable.swift in Sources */ = {isa = PBXBuildFile; fileRef = 582D5CEF1CBB569A004D8F78 /* Reusable.swift */; };
		582D5CF51CBB56E2004D8F78 /* UITableView+Reusable.swift in Sources */ = {isa = PBXBuildFile; fileRef = 582D5CF21CBB56E2004D8F78 /* UITableView+Reusable.swift */; };
		582D5CF61CBB56E2004D8F78 /* UITableView+Utils.swift in Sources */ = {isa = PBXBuildFile; fileRef = 582D5CF31CBB56E2004D8F78 /* UITableView+Utils.swift */; };
		582D5CF71CBB56E2004D8F78 /* UITableViewCell+HeightCalculatable.swift in Sources */ = {isa = PBXBuildFile; fileRef = 582D5CF41CBB56E2004D8F78 /* UITableViewCell+HeightCalculatable.swift */; };
		582D5CF91CBB5799004D8F78 /* UIImage+Utils.swift in Sources */ = {isa = PBXBuildFile; fileRef = 582D5CF81CBB5799004D8F78 /* UIImage+Utils.swift */; };
		582D5CFB1CBB57D2004D8F78 /* UIColor+Utils.swift in Sources */ = {isa = PBXBuildFile; fileRef = 582D5CFA1CBB57D2004D8F78 /* UIColor+Utils.swift */; };
		582D5D001CBB5B7E004D8F78 /* LandingTableViewController.swift in Sources */ = {isa = PBXBuildFile; fileRef = 582D5CFF1CBB5B7E004D8F78 /* LandingTableViewController.swift */; };
		582D5D021CBB5B95004D8F78 /* LandingTableViewCell.swift in Sources */ = {isa = PBXBuildFile; fileRef = 582D5D011CBB5B95004D8F78 /* LandingTableViewCell.swift */; };
		582D5D041CBB5BB6004D8F78 /* Landing.storyboard in Resources */ = {isa = PBXBuildFile; fileRef = 582D5D031CBB5BB6004D8F78 /* Landing.storyboard */; };
		582D5D061CBB5BC9004D8F78 /* LandingTableViewCell.xib in Resources */ = {isa = PBXBuildFile; fileRef = 582D5D051CBB5BC9004D8F78 /* LandingTableViewCell.xib */; };
		582D5D091CBB5D25004D8F78 /* AppearanceManager.swift in Sources */ = {isa = PBXBuildFile; fileRef = 582D5D081CBB5D25004D8F78 /* AppearanceManager.swift */; };
		582D5D101CBB6AD6004D8F78 /* LaunchScreen.xib in Resources */ = {isa = PBXBuildFile; fileRef = 582D5D0F1CBB6AD6004D8F78 /* LaunchScreen.xib */; };
		9017C18C0156D6C83AA20C7A /* Pods_ContactTexter.framework in Frameworks */ = {isa = PBXBuildFile; fileRef = 3C6499C999D7EE576274DB9D /* Pods_ContactTexter.framework */; };
/* End PBXBuildFile section */

/* Begin PBXFileReference section */
		18156209D77CADD8CA6049E7 /* Pods-ContactTexter.debug.xcconfig */ = {isa = PBXFileReference; includeInIndex = 1; lastKnownFileType = text.xcconfig; name = "Pods-ContactTexter.debug.xcconfig"; path = "Pods/Target Support Files/Pods-ContactTexter/Pods-ContactTexter.debug.xcconfig"; sourceTree = "<group>"; };
		368FC17A162D848EDE8DF038 /* Pods-ContactTexter.release.xcconfig */ = {isa = PBXFileReference; includeInIndex = 1; lastKnownFileType = text.xcconfig; name = "Pods-ContactTexter.release.xcconfig"; path = "Pods/Target Support Files/Pods-ContactTexter/Pods-ContactTexter.release.xcconfig"; sourceTree = "<group>"; };
		3C6499C999D7EE576274DB9D /* Pods_ContactTexter.framework */ = {isa = PBXFileReference; explicitFileType = wrapper.framework; includeInIndex = 0; path = Pods_ContactTexter.framework; sourceTree = BUILT_PRODUCTS_DIR; };
		582D5CAD1CBB4CB7004D8F78 /* ContactTexter.app */ = {isa = PBXFileReference; explicitFileType = wrapper.application; includeInIndex = 0; path = ContactTexter.app; sourceTree = BUILT_PRODUCTS_DIR; };
		582D5CB01CBB4CB7004D8F78 /* AppDelegate.swift */ = {isa = PBXFileReference; lastKnownFileType = sourcecode.swift; path = AppDelegate.swift; sourceTree = "<group>"; };
		582D5CB71CBB4CB7004D8F78 /* Assets.xcassets */ = {isa = PBXFileReference; lastKnownFileType = folder.assetcatalog; path = Assets.xcassets; sourceTree = "<group>"; };
		582D5CBC1CBB4CB8004D8F78 /* Info.plist */ = {isa = PBXFileReference; lastKnownFileType = text.plist.xml; path = Info.plist; sourceTree = "<group>"; };
		582D5CC51CBB51F5004D8F78 /* ServiceClient.swift */ = {isa = PBXFileReference; fileEncoding = 4; lastKnownFileType = sourcecode.swift; path = ServiceClient.swift; sourceTree = "<group>"; };
		582D5CC71CBB51F5004D8F78 /* FreddyResponseSerializer.swift */ = {isa = PBXFileReference; fileEncoding = 4; lastKnownFileType = sourcecode.swift; path = FreddyResponseSerializer.swift; sourceTree = "<group>"; };
		582D5CC91CBB51F5004D8F78 /* ServiceEmptyResponse.swift */ = {isa = PBXFileReference; fileEncoding = 4; lastKnownFileType = sourcecode.swift; path = ServiceEmptyResponse.swift; sourceTree = "<group>"; };
		582D5CCA1CBB51F5004D8F78 /* ServiceEndpoint.swift */ = {isa = PBXFileReference; fileEncoding = 4; lastKnownFileType = sourcecode.swift; path = ServiceEndpoint.swift; sourceTree = "<group>"; };
		582D5CCB1CBB51F5004D8F78 /* ServiceError.swift */ = {isa = PBXFileReference; fileEncoding = 4; lastKnownFileType = sourcecode.swift; path = ServiceError.swift; sourceTree = "<group>"; };
		582D5CCC1CBB51F5004D8F78 /* ServiceMethod.swift */ = {isa = PBXFileReference; fileEncoding = 4; lastKnownFileType = sourcecode.swift; path = ServiceMethod.swift; sourceTree = "<group>"; };
		582D5CCD1CBB51F5004D8F78 /* ServiceRequest.swift */ = {isa = PBXFileReference; fileEncoding = 4; lastKnownFileType = sourcecode.swift; path = ServiceRequest.swift; sourceTree = "<group>"; };
		582D5CCE1CBB51F5004D8F78 /* ServiceResult.swift */ = {isa = PBXFileReference; fileEncoding = 4; lastKnownFileType = sourcecode.swift; path = ServiceResult.swift; sourceTree = "<group>"; };
		582D5CD91CBB52EB004D8F78 /* SystemVersionFunctions.swift */ = {isa = PBXFileReference; fileEncoding = 4; lastKnownFileType = sourcecode.swift; path = SystemVersionFunctions.swift; sourceTree = "<group>"; };
		582D5CDB1CBB52EB004D8F78 /* DMVersion.swift */ = {isa = PBXFileReference; fileEncoding = 4; lastKnownFileType = sourcecode.swift; path = DMVersion.swift; sourceTree = "<group>"; };
		582D5CE01CBB5412004D8F78 /* UIDevice+Utils.swift */ = {isa = PBXFileReference; fileEncoding = 4; lastKnownFileType = sourcecode.swift; path = "UIDevice+Utils.swift"; sourceTree = "<group>"; };
		582D5CE61CBB5574004D8F78 /* MultilineLabel.swift */ = {isa = PBXFileReference; fileEncoding = 4; lastKnownFileType = sourcecode.swift; path = MultilineLabel.swift; sourceTree = "<group>"; };
		582D5CE81CBB5574004D8F78 /* TableViewController.swift */ = {isa = PBXFileReference; fileEncoding = 4; lastKnownFileType = sourcecode.swift; path = TableViewController.swift; sourceTree = "<group>"; };
		582D5CE91CBB5574004D8F78 /* ViewController.swift */ = {isa = PBXFileReference; fileEncoding = 4; lastKnownFileType = sourcecode.swift; path = ViewController.swift; sourceTree = "<group>"; };
		582D5CEE1CBB569A004D8F78 /* LoadableFromNib.swift */ = {isa = PBXFileReference; fileEncoding = 4; lastKnownFileType = sourcecode.swift; path = LoadableFromNib.swift; sourceTree = "<group>"; };
		582D5CEF1CBB569A004D8F78 /* Reusable.swift */ = {isa = PBXFileReference; fileEncoding = 4; lastKnownFileType = sourcecode.swift; path = Reusable.swift; sourceTree = "<group>"; };
		582D5CF21CBB56E2004D8F78 /* UITableView+Reusable.swift */ = {isa = PBXFileReference; fileEncoding = 4; lastKnownFileType = sourcecode.swift; path = "UITableView+Reusable.swift"; sourceTree = "<group>"; };
		582D5CF31CBB56E2004D8F78 /* UITableView+Utils.swift */ = {isa = PBXFileReference; fileEncoding = 4; lastKnownFileType = sourcecode.swift; path = "UITableView+Utils.swift"; sourceTree = "<group>"; };
		582D5CF41CBB56E2004D8F78 /* UITableViewCell+HeightCalculatable.swift */ = {isa = PBXFileReference; fileEncoding = 4; lastKnownFileType = sourcecode.swift; path = "UITableViewCell+HeightCalculatable.swift"; sourceTree = "<group>"; };
		582D5CF81CBB5799004D8F78 /* UIImage+Utils.swift */ = {isa = PBXFileReference; fileEncoding = 4; lastKnownFileType = sourcecode.swift; path = "UIImage+Utils.swift"; sourceTree = "<group>"; };
		582D5CFA1CBB57D2004D8F78 /* UIColor+Utils.swift */ = {isa = PBXFileReference; fileEncoding = 4; lastKnownFileType = sourcecode.swift; path = "UIColor+Utils.swift"; sourceTree = "<group>"; };
		582D5CFF1CBB5B7E004D8F78 /* LandingTableViewController.swift */ = {isa = PBXFileReference; fileEncoding = 4; lastKnownFileType = sourcecode.swift; path = LandingTableViewController.swift; sourceTree = "<group>"; };
		582D5D011CBB5B95004D8F78 /* LandingTableViewCell.swift */ = {isa = PBXFileReference; fileEncoding = 4; lastKnownFileType = sourcecode.swift; path = LandingTableViewCell.swift; sourceTree = "<group>"; };
		582D5D031CBB5BB6004D8F78 /* Landing.storyboard */ = {isa = PBXFileReference; fileEncoding = 4; lastKnownFileType = file.storyboard; path = Landing.storyboard; sourceTree = "<group>"; };
		582D5D051CBB5BC9004D8F78 /* LandingTableViewCell.xib */ = {isa = PBXFileReference; fileEncoding = 4; lastKnownFileType = file.xib; path = LandingTableViewCell.xib; sourceTree = "<group>"; };
		582D5D081CBB5D25004D8F78 /* AppearanceManager.swift */ = {isa = PBXFileReference; fileEncoding = 4; lastKnownFileType = sourcecode.swift; path = AppearanceManager.swift; sourceTree = "<group>"; };
		582D5D0F1CBB6AD6004D8F78 /* LaunchScreen.xib */ = {isa = PBXFileReference; fileEncoding = 4; lastKnownFileType = file.xib; path = LaunchScreen.xib; sourceTree = "<group>"; };
/* End PBXFileReference section */

/* Begin PBXFrameworksBuildPhase section */
		582D5CAA1CBB4CB7004D8F78 /* Frameworks */ = {
			isa = PBXFrameworksBuildPhase;
			buildActionMask = 2147483647;
			files = (
				9017C18C0156D6C83AA20C7A /* Pods_ContactTexter.framework in Frameworks */,
			);
			runOnlyForDeploymentPostprocessing = 0;
		};
/* End PBXFrameworksBuildPhase section */

/* Begin PBXGroup section */
		582D5CA41CBB4CB7004D8F78 = {
			isa = PBXGroup;
			children = (
				582D5CAF1CBB4CB7004D8F78 /* ContactTexter */,
				582D5CAE1CBB4CB7004D8F78 /* Products */,
				6FE66ECB1088B6EC4FDF6AF3 /* Pods */,
				8992AAAC4E55B0780353B20D /* Frameworks */,
			);
			sourceTree = "<group>";
		};
		582D5CAE1CBB4CB7004D8F78 /* Products */ = {
			isa = PBXGroup;
			children = (
				582D5CAD1CBB4CB7004D8F78 /* ContactTexter.app */,
			);
			name = Products;
			sourceTree = "<group>";
		};
		582D5CAF1CBB4CB7004D8F78 /* ContactTexter */ = {
			isa = PBXGroup;
			children = (
				582D5CC21CBB51C1004D8F78 /* Common */,
				582D5CFC1CBB5A3B004D8F78 /* Landing */,
				582D5CB01CBB4CB7004D8F78 /* AppDelegate.swift */,
				582D5CBC1CBB4CB8004D8F78 /* Info.plist */,
				582D5CB71CBB4CB7004D8F78 /* Assets.xcassets */,
				582D5D0F1CBB6AD6004D8F78 /* LaunchScreen.xib */,
			);
			path = ContactTexter;
			sourceTree = "<group>";
		};
		582D5CC21CBB51C1004D8F78 /* Common */ = {
			isa = PBXGroup;
			children = (
				582D5CC31CBB51F5004D8F78 /* ServiceLayer */,
				582D5CDE1CBB5412004D8F78 /* UI */,
				582D5CD71CBB52EB004D8F78 /* Utilities */,
			);
			path = Common;
			sourceTree = "<group>";
		};
		582D5CC31CBB51F5004D8F78 /* ServiceLayer */ = {
			isa = PBXGroup;
			children = (
				582D5CC41CBB51F5004D8F78 /* Client */,
				582D5CC61CBB51F5004D8F78 /* Mapping */,
				582D5CC81CBB51F5004D8F78 /* Models */,
			);
			path = ServiceLayer;
			sourceTree = "<group>";
		};
		582D5CC41CBB51F5004D8F78 /* Client */ = {
			isa = PBXGroup;
			children = (
				582D5CC51CBB51F5004D8F78 /* ServiceClient.swift */,
			);
			path = Client;
			sourceTree = "<group>";
		};
		582D5CC61CBB51F5004D8F78 /* Mapping */ = {
			isa = PBXGroup;
			children = (
				582D5CC71CBB51F5004D8F78 /* FreddyResponseSerializer.swift */,
			);
			path = Mapping;
			sourceTree = "<group>";
		};
		582D5CC81CBB51F5004D8F78 /* Models */ = {
			isa = PBXGroup;
			children = (
				582D5CC91CBB51F5004D8F78 /* ServiceEmptyResponse.swift */,
				582D5CCA1CBB51F5004D8F78 /* ServiceEndpoint.swift */,
				582D5CCB1CBB51F5004D8F78 /* ServiceError.swift */,
				582D5CCC1CBB51F5004D8F78 /* ServiceMethod.swift */,
				582D5CCD1CBB51F5004D8F78 /* ServiceRequest.swift */,
				582D5CCE1CBB51F5004D8F78 /* ServiceResult.swift */,
			);
			path = Models;
			sourceTree = "<group>";
		};
		582D5CD71CBB52EB004D8F78 /* Utilities */ = {
			isa = PBXGroup;
			children = (
				582D5CD81CBB52EB004D8F78 /* Functions */,
				582D5CDA1CBB52EB004D8F78 /* Version */,
			);
			path = Utilities;
			sourceTree = "<group>";
		};
		582D5CD81CBB52EB004D8F78 /* Functions */ = {
			isa = PBXGroup;
			children = (
				582D5CD91CBB52EB004D8F78 /* SystemVersionFunctions.swift */,
			);
			path = Functions;
			sourceTree = "<group>";
		};
		582D5CDA1CBB52EB004D8F78 /* Version */ = {
			isa = PBXGroup;
			children = (
				582D5CDB1CBB52EB004D8F78 /* DMVersion.swift */,
			);
			path = Version;
			sourceTree = "<group>";
		};
		582D5CDE1CBB5412004D8F78 /* UI */ = {
			isa = PBXGroup;
			children = (
				582D5D071CBB5D16004D8F78 /* Appearance */,
				582D5CDF1CBB5412004D8F78 /* Extensions */,
				582D5CE51CBB5574004D8F78 /* Labels */,
				582D5CED1CBB569A004D8F78 /* Protocols */,
				582D5CE71CBB5574004D8F78 /* ViewControllers */,
			);
			path = UI;
			sourceTree = "<group>";
		};
		582D5CDF1CBB5412004D8F78 /* Extensions */ = {
			isa = PBXGroup;
			children = (
				582D5CFA1CBB57D2004D8F78 /* UIColor+Utils.swift */,
				582D5CE01CBB5412004D8F78 /* UIDevice+Utils.swift */,
				582D5CF81CBB5799004D8F78 /* UIImage+Utils.swift */,
				582D5CF21CBB56E2004D8F78 /* UITableView+Reusable.swift */,
				582D5CF31CBB56E2004D8F78 /* UITableView+Utils.swift */,
				582D5CF41CBB56E2004D8F78 /* UITableViewCell+HeightCalculatable.swift */,
			);
			path = Extensions;
			sourceTree = "<group>";
		};
		582D5CE51CBB5574004D8F78 /* Labels */ = {
			isa = PBXGroup;
			children = (
				582D5CE61CBB5574004D8F78 /* MultilineLabel.swift */,
			);
			path = Labels;
			sourceTree = "<group>";
		};
		582D5CE71CBB5574004D8F78 /* ViewControllers */ = {
			isa = PBXGroup;
			children = (
				582D5CE81CBB5574004D8F78 /* TableViewController.swift */,
				582D5CE91CBB5574004D8F78 /* ViewController.swift */,
			);
			path = ViewControllers;
			sourceTree = "<group>";
		};
		582D5CED1CBB569A004D8F78 /* Protocols */ = {
			isa = PBXGroup;
			children = (
				582D5CEE1CBB569A004D8F78 /* LoadableFromNib.swift */,
				582D5CEF1CBB569A004D8F78 /* Reusable.swift */,
			);
			path = Protocols;
			sourceTree = "<group>";
		};
		582D5CFC1CBB5A3B004D8F78 /* Landing */ = {
			isa = PBXGroup;
			children = (
				582D5CFD1CBB5A4C004D8F78 /* UI */,
				582D5CFE1CBB5A4C004D8F78 /* ViewControllers */,
			);
			path = Landing;
			sourceTree = "<group>";
		};
		582D5CFD1CBB5A4C004D8F78 /* UI */ = {
			isa = PBXGroup;
			children = (
				582D5D031CBB5BB6004D8F78 /* Landing.storyboard */,
				582D5D011CBB5B95004D8F78 /* LandingTableViewCell.swift */,
				582D5D051CBB5BC9004D8F78 /* LandingTableViewCell.xib */,
			);
			path = UI;
			sourceTree = "<group>";
		};
		582D5CFE1CBB5A4C004D8F78 /* ViewControllers */ = {
			isa = PBXGroup;
			children = (
				582D5CFF1CBB5B7E004D8F78 /* LandingTableViewController.swift */,
			);
			path = ViewControllers;
			sourceTree = "<group>";
		};
		582D5D071CBB5D16004D8F78 /* Appearance */ = {
			isa = PBXGroup;
			children = (
				582D5D081CBB5D25004D8F78 /* AppearanceManager.swift */,
			);
			path = Appearance;
			sourceTree = "<group>";
		};
		6FE66ECB1088B6EC4FDF6AF3 /* Pods */ = {
			isa = PBXGroup;
			children = (
				18156209D77CADD8CA6049E7 /* Pods-ContactTexter.debug.xcconfig */,
				368FC17A162D848EDE8DF038 /* Pods-ContactTexter.release.xcconfig */,
			);
			name = Pods;
			sourceTree = "<group>";
		};
		8992AAAC4E55B0780353B20D /* Frameworks */ = {
			isa = PBXGroup;
			children = (
				3C6499C999D7EE576274DB9D /* Pods_ContactTexter.framework */,
			);
			name = Frameworks;
			sourceTree = "<group>";
		};
/* End PBXGroup section */

/* Begin PBXNativeTarget section */
		582D5CAC1CBB4CB7004D8F78 /* ContactTexter */ = {
			isa = PBXNativeTarget;
			buildConfigurationList = 582D5CBF1CBB4CB8004D8F78 /* Build configuration list for PBXNativeTarget "ContactTexter" */;
			buildPhases = (
				D88B0EA8A2A06787E501FB02 /* 📦 Check Pods Manifest.lock */,
				582D5CA91CBB4CB7004D8F78 /* Sources */,
				582D5CAA1CBB4CB7004D8F78 /* Frameworks */,
				582D5CAB1CBB4CB7004D8F78 /* Resources */,
				EC641B413CEB75F696060FF2 /* 📦 Embed Pods Frameworks */,
				B8B032F69E764556DFEA1BFD /* 📦 Copy Pods Resources */,
			);
			buildRules = (
			);
			dependencies = (
			);
			name = ContactTexter;
			productName = ContactTexter;
			productReference = 582D5CAD1CBB4CB7004D8F78 /* ContactTexter.app */;
			productType = "com.apple.product-type.application";
		};
/* End PBXNativeTarget section */

/* Begin PBXProject section */
		582D5CA51CBB4CB7004D8F78 /* Project object */ = {
			isa = PBXProject;
			attributes = {
				LastSwiftUpdateCheck = 0730;
				LastUpgradeCheck = 0730;
				ORGANIZATIONNAME = "Bernie Sanders 2016";
				TargetAttributes = {
					582D5CAC1CBB4CB7004D8F78 = {
						CreatedOnToolsVersion = 7.3;
					};
				};
			};
			buildConfigurationList = 582D5CA81CBB4CB7004D8F78 /* Build configuration list for PBXProject "ContactTexter" */;
			compatibilityVersion = "Xcode 3.2";
			developmentRegion = English;
			hasScannedForEncodings = 0;
			knownRegions = (
				en,
				Base,
			);
			mainGroup = 582D5CA41CBB4CB7004D8F78;
			productRefGroup = 582D5CAE1CBB4CB7004D8F78 /* Products */;
			projectDirPath = "";
			projectRoot = "";
			targets = (
				582D5CAC1CBB4CB7004D8F78 /* ContactTexter */,
			);
		};
/* End PBXProject section */

/* Begin PBXResourcesBuildPhase section */
		582D5CAB1CBB4CB7004D8F78 /* Resources */ = {
			isa = PBXResourcesBuildPhase;
			buildActionMask = 2147483647;
			files = (
				582D5D101CBB6AD6004D8F78 /* LaunchScreen.xib in Resources */,
				582D5D041CBB5BB6004D8F78 /* Landing.storyboard in Resources */,
				582D5D061CBB5BC9004D8F78 /* LandingTableViewCell.xib in Resources */,
				582D5CB81CBB4CB7004D8F78 /* Assets.xcassets in Resources */,
			);
			runOnlyForDeploymentPostprocessing = 0;
		};
/* End PBXResourcesBuildPhase section */

/* Begin PBXShellScriptBuildPhase section */
		B8B032F69E764556DFEA1BFD /* 📦 Copy Pods Resources */ = {
			isa = PBXShellScriptBuildPhase;
			buildActionMask = 2147483647;
			files = (
			);
			inputPaths = (
			);
			name = "📦 Copy Pods Resources";
			outputPaths = (
			);
			runOnlyForDeploymentPostprocessing = 0;
			shellPath = /bin/sh;
			shellScript = "\"${SRCROOT}/Pods/Target Support Files/Pods-ContactTexter/Pods-ContactTexter-resources.sh\"\n";
			showEnvVarsInLog = 0;
		};
		D88B0EA8A2A06787E501FB02 /* 📦 Check Pods Manifest.lock */ = {
			isa = PBXShellScriptBuildPhase;
			buildActionMask = 2147483647;
			files = (
			);
			inputPaths = (
			);
			name = "📦 Check Pods Manifest.lock";
			outputPaths = (
			);
			runOnlyForDeploymentPostprocessing = 0;
			shellPath = /bin/sh;
			shellScript = "diff \"${PODS_ROOT}/../Podfile.lock\" \"${PODS_ROOT}/Manifest.lock\" > /dev/null\nif [[ $? != 0 ]] ; then\n    cat << EOM\nerror: The sandbox is not in sync with the Podfile.lock. Run 'pod install' or update your CocoaPods installation.\nEOM\n    exit 1\nfi\n";
			showEnvVarsInLog = 0;
		};
		EC641B413CEB75F696060FF2 /* 📦 Embed Pods Frameworks */ = {
			isa = PBXShellScriptBuildPhase;
			buildActionMask = 2147483647;
			files = (
			);
			inputPaths = (
			);
			name = "📦 Embed Pods Frameworks";
			outputPaths = (
			);
			runOnlyForDeploymentPostprocessing = 0;
			shellPath = /bin/sh;
			shellScript = "\"${SRCROOT}/Pods/Target Support Files/Pods-ContactTexter/Pods-ContactTexter-frameworks.sh\"\n";
			showEnvVarsInLog = 0;
		};
/* End PBXShellScriptBuildPhase section */

/* Begin PBXSourcesBuildPhase section */
		582D5CA91CBB4CB7004D8F78 /* Sources */ = {
			isa = PBXSourcesBuildPhase;
			buildActionMask = 2147483647;
			files = (
				582D5CF11CBB569A004D8F78 /* Reusable.swift in Sources */,
				582D5CD61CBB51F5004D8F78 /* ServiceResult.swift in Sources */,
				582D5CF01CBB569A004D8F78 /* LoadableFromNib.swift in Sources */,
				582D5CD41CBB51F5004D8F78 /* ServiceMethod.swift in Sources */,
				582D5CF51CBB56E2004D8F78 /* UITableView+Reusable.swift in Sources */,
				582D5CF71CBB56E2004D8F78 /* UITableViewCell+HeightCalculatable.swift in Sources */,
				582D5CDC1CBB52EB004D8F78 /* SystemVersionFunctions.swift in Sources */,
				582D5CD01CBB51F5004D8F78 /* FreddyResponseSerializer.swift in Sources */,
				582D5CDD1CBB52EB004D8F78 /* DMVersion.swift in Sources */,
				582D5CE11CBB5412004D8F78 /* UIDevice+Utils.swift in Sources */,
				582D5CCF1CBB51F5004D8F78 /* ServiceClient.swift in Sources */,
				582D5CF91CBB5799004D8F78 /* UIImage+Utils.swift in Sources */,
				582D5CEA1CBB5574004D8F78 /* MultilineLabel.swift in Sources */,
				582D5D021CBB5B95004D8F78 /* LandingTableViewCell.swift in Sources */,
				582D5CB11CBB4CB7004D8F78 /* AppDelegate.swift in Sources */,
				582D5CD51CBB51F5004D8F78 /* ServiceRequest.swift in Sources */,
				582D5CD21CBB51F5004D8F78 /* ServiceEndpoint.swift in Sources */,
				582D5D001CBB5B7E004D8F78 /* LandingTableViewController.swift in Sources */,
				582D5CD31CBB51F5004D8F78 /* ServiceError.swift in Sources */,
				582D5CFB1CBB57D2004D8F78 /* UIColor+Utils.swift in Sources */,
				582D5CEB1CBB5574004D8F78 /* TableViewController.swift in Sources */,
				582D5CF61CBB56E2004D8F78 /* UITableView+Utils.swift in Sources */,
				582D5CEC1CBB5574004D8F78 /* ViewController.swift in Sources */,
				582D5CD11CBB51F5004D8F78 /* ServiceEmptyResponse.swift in Sources */,
				582D5D091CBB5D25004D8F78 /* AppearanceManager.swift in Sources */,
			);
			runOnlyForDeploymentPostprocessing = 0;
		};
/* End PBXSourcesBuildPhase section */

/* Begin XCBuildConfiguration section */
		582D5CBD1CBB4CB8004D8F78 /* Debug */ = {
			isa = XCBuildConfiguration;
			buildSettings = {
				ALWAYS_SEARCH_USER_PATHS = NO;
				CLANG_ANALYZER_NONNULL = YES;
				CLANG_CXX_LANGUAGE_STANDARD = "gnu++0x";
				CLANG_CXX_LIBRARY = "libc++";
				CLANG_ENABLE_MODULES = YES;
				CLANG_ENABLE_OBJC_ARC = YES;
				CLANG_WARN_BOOL_CONVERSION = YES;
				CLANG_WARN_CONSTANT_CONVERSION = YES;
				CLANG_WARN_DIRECT_OBJC_ISA_USAGE = YES_ERROR;
				CLANG_WARN_EMPTY_BODY = YES;
				CLANG_WARN_ENUM_CONVERSION = YES;
				CLANG_WARN_INT_CONVERSION = YES;
				CLANG_WARN_OBJC_ROOT_CLASS = YES_ERROR;
				CLANG_WARN_UNREACHABLE_CODE = YES;
				CLANG_WARN__DUPLICATE_METHOD_MATCH = YES;
				"CODE_SIGN_IDENTITY[sdk=iphoneos*]" = "iPhone Developer";
				COPY_PHASE_STRIP = NO;
				DEBUG_INFORMATION_FORMAT = dwarf;
				ENABLE_STRICT_OBJC_MSGSEND = YES;
				ENABLE_TESTABILITY = YES;
				GCC_C_LANGUAGE_STANDARD = gnu99;
				GCC_DYNAMIC_NO_PIC = NO;
				GCC_NO_COMMON_BLOCKS = YES;
				GCC_OPTIMIZATION_LEVEL = 0;
				GCC_PREPROCESSOR_DEFINITIONS = (
					"DEBUG=1",
					"$(inherited)",
				);
				GCC_WARN_64_TO_32_BIT_CONVERSION = YES;
				GCC_WARN_ABOUT_RETURN_TYPE = YES_ERROR;
				GCC_WARN_UNDECLARED_SELECTOR = YES;
				GCC_WARN_UNINITIALIZED_AUTOS = YES_AGGRESSIVE;
				GCC_WARN_UNUSED_FUNCTION = YES;
				GCC_WARN_UNUSED_VARIABLE = YES;
				IPHONEOS_DEPLOYMENT_TARGET = 8.0;
				MTL_ENABLE_DEBUG_INFO = YES;
				ONLY_ACTIVE_ARCH = YES;
				SDKROOT = iphoneos;
				SWIFT_OPTIMIZATION_LEVEL = "-Onone";
				TARGETED_DEVICE_FAMILY = "1,2";
			};
			name = Debug;
		};
		582D5CBE1CBB4CB8004D8F78 /* Release */ = {
			isa = XCBuildConfiguration;
			buildSettings = {
				ALWAYS_SEARCH_USER_PATHS = NO;
				CLANG_ANALYZER_NONNULL = YES;
				CLANG_CXX_LANGUAGE_STANDARD = "gnu++0x";
				CLANG_CXX_LIBRARY = "libc++";
				CLANG_ENABLE_MODULES = YES;
				CLANG_ENABLE_OBJC_ARC = YES;
				CLANG_WARN_BOOL_CONVERSION = YES;
				CLANG_WARN_CONSTANT_CONVERSION = YES;
				CLANG_WARN_DIRECT_OBJC_ISA_USAGE = YES_ERROR;
				CLANG_WARN_EMPTY_BODY = YES;
				CLANG_WARN_ENUM_CONVERSION = YES;
				CLANG_WARN_INT_CONVERSION = YES;
				CLANG_WARN_OBJC_ROOT_CLASS = YES_ERROR;
				CLANG_WARN_UNREACHABLE_CODE = YES;
				CLANG_WARN__DUPLICATE_METHOD_MATCH = YES;
				"CODE_SIGN_IDENTITY[sdk=iphoneos*]" = "iPhone Developer";
				COPY_PHASE_STRIP = NO;
				DEBUG_INFORMATION_FORMAT = "dwarf-with-dsym";
				ENABLE_NS_ASSERTIONS = NO;
				ENABLE_STRICT_OBJC_MSGSEND = YES;
				GCC_C_LANGUAGE_STANDARD = gnu99;
				GCC_NO_COMMON_BLOCKS = YES;
				GCC_WARN_64_TO_32_BIT_CONVERSION = YES;
				GCC_WARN_ABOUT_RETURN_TYPE = YES_ERROR;
				GCC_WARN_UNDECLARED_SELECTOR = YES;
				GCC_WARN_UNINITIALIZED_AUTOS = YES_AGGRESSIVE;
				GCC_WARN_UNUSED_FUNCTION = YES;
				GCC_WARN_UNUSED_VARIABLE = YES;
				IPHONEOS_DEPLOYMENT_TARGET = 8.0;
				MTL_ENABLE_DEBUG_INFO = NO;
				SDKROOT = iphoneos;
				TARGETED_DEVICE_FAMILY = "1,2";
				VALIDATE_PRODUCT = YES;
			};
			name = Release;
		};
		582D5CC01CBB4CB8004D8F78 /* Debug */ = {
			isa = XCBuildConfiguration;
			baseConfigurationReference = 18156209D77CADD8CA6049E7 /* Pods-ContactTexter.debug.xcconfig */;
			buildSettings = {
				ASSETCATALOG_COMPILER_APPICON_NAME = AppIcon;
				INFOPLIST_FILE = ContactTexter/Info.plist;
				LD_RUNPATH_SEARCH_PATHS = "$(inherited) @executable_path/Frameworks";
				PRODUCT_BUNDLE_IDENTIFIER = com.berniesanders.ContactTexter;
				PRODUCT_NAME = "$(TARGET_NAME)";
				TARGETED_DEVICE_FAMILY = "1,2";
			};
			name = Debug;
		};
		582D5CC11CBB4CB8004D8F78 /* Release */ = {
			isa = XCBuildConfiguration;
			baseConfigurationReference = 368FC17A162D848EDE8DF038 /* Pods-ContactTexter.release.xcconfig */;
			buildSettings = {
				ASSETCATALOG_COMPILER_APPICON_NAME = AppIcon;
				INFOPLIST_FILE = ContactTexter/Info.plist;
				LD_RUNPATH_SEARCH_PATHS = "$(inherited) @executable_path/Frameworks";
				PRODUCT_BUNDLE_IDENTIFIER = com.berniesanders.ContactTexter;
				PRODUCT_NAME = "$(TARGET_NAME)";
				TARGETED_DEVICE_FAMILY = "1,2";
			};
			name = Release;
		};
/* End XCBuildConfiguration section */

/* Begin XCConfigurationList section */
		582D5CA81CBB4CB7004D8F78 /* Build configuration list for PBXProject "ContactTexter" */ = {
			isa = XCConfigurationList;
			buildConfigurations = (
				582D5CBD1CBB4CB8004D8F78 /* Debug */,
				582D5CBE1CBB4CB8004D8F78 /* Release */,
			);
			defaultConfigurationIsVisible = 0;
			defaultConfigurationName = Release;
		};
		582D5CBF1CBB4CB8004D8F78 /* Build configuration list for PBXNativeTarget "ContactTexter" */ = {
			isa = XCConfigurationList;
			buildConfigurations = (
				582D5CC01CBB4CB8004D8F78 /* Debug */,
				582D5CC11CBB4CB8004D8F78 /* Release */,
			);
			defaultConfigurationIsVisible = 0;
			defaultConfigurationName = Release;
		};
/* End XCConfigurationList section */
	};
	rootObject = 582D5CA51CBB4CB7004D8F78 /* Project object */;
}
